../bam/293T-bat_GBEmini-AP-RNF2-All-PD_rep1_bwa_hg38_sort_rmdup_MAPQ20.bam
../bam/293T-bat_GBEmini-dU-RNF2-All-PD_rep1_bwa_hg38_sort_rmdup_MAPQ20.bam
../bam/293T-bat_test_rep1_bwa_hg38_sort_rmdup_MAPQ20.bam
../mpileup_pmat_bmat/293T-bat_GBEmini-AP-RNF2-All-PD_rep1_hg38.MAPQ20.mpileup
../mpileup_pmat_bmat/293T-bat_GBEmini-dU-RNF2-All-PD_rep1_hg38.MAPQ20.mpileup
../mpileup_pmat_bmat/293T-bat_test_rep1_hg38.MAPQ20.mpileup
../mpileup_pmat_bmat/293T-bat_GBEmini-AP-RNF2-All-PD_rep1_hg38.MAPQ20.bmat
../mpileup_pmat_bmat/293T-bat_GBEmini-dU-RNF2-All-PD_rep1_hg38.MAPQ20.bmat
../mpileup_pmat_bmat/293T-bat_test_rep1_hg38.MAPQ20.bmat
../bmat_info_tsv/293T-bat_GBEmini-AP-RNF2-All-PD_rep1_hg38.MAPQ20.tsv
../bmat_info_tsv/293T-bat_GBEmini-dU-RNF2-All-PD_rep1_hg38.MAPQ20.tsv
../bmat_info_tsv/293T-bat_test_rep1_hg38.MAPQ20.tsv
../mpileup_pmat_bmat/293T-bat_GBEmini-AP-RNF2-All-PD_rep1_hg38.select.A.bmat
../mpileup_pmat_bmat/293T-bat_GBEmini-AP-RNF2-All-PD_rep1_hg38.select.T.bmat
../mpileup_pmat_bmat/293T-bat_GBEmini-AP-RNF2-All-PD_rep1_hg38.select.C.bmat
../mpileup_pmat_bmat/293T-bat_GBEmini-AP-RNF2-All-PD_rep1_hg38.select.G.bmat
../mpileup_pmat_bmat/293T-bat_GBEmini-dU-RNF2-All-PD_rep1_hg38.select.A.bmat
../mpileup_pmat_bmat/293T-bat_GBEmini-dU-RNF2-All-PD_rep1_hg38.select.T.bmat
../mpileup_pmat_bmat/293T-bat_GBEmini-dU-RNF2-All-PD_rep1_hg38.select.C.bmat
../mpileup_pmat_bmat/293T-bat_GBEmini-dU-RNF2-All-PD_rep1_hg38.select.G.bmat
../mpileup_pmat_bmat/293T-bat_test_rep1_hg38.select.A.bmat
../mpileup_pmat_bmat/293T-bat_test_rep1_hg38.select.T.bmat
../mpileup_pmat_bmat/293T-bat_test_rep1_hg38.select.C.bmat
../mpileup_pmat_bmat/293T-bat_test_rep1_hg38.select.G.bmat
../mpileup_pmat_bmat/293T-bat_GBEmini-AP-RNF2-All-PD_rep1_hg38.select.A.pmat
../mpileup_pmat_bmat/293T-bat_GBEmini-AP-RNF2-All-PD_rep1_hg38.select.T.pmat
../mpileup_pmat_bmat/293T-bat_GBEmini-AP-RNF2-All-PD_rep1_hg38.select.C.pmat
../mpileup_pmat_bmat/293T-bat_GBEmini-AP-RNF2-All-PD_rep1_hg38.select.G.pmat
../mpileup_pmat_bmat/293T-bat_GBEmini-dU-RNF2-All-PD_rep1_hg38.select.A.pmat
../mpileup_pmat_bmat/293T-bat_GBEmini-dU-RNF2-All-PD_rep1_hg38.select.T.pmat
../mpileup_pmat_bmat/293T-bat_GBEmini-dU-RNF2-All-PD_rep1_hg38.select.C.pmat
../mpileup_pmat_bmat/293T-bat_GBEmini-dU-RNF2-All-PD_rep1_hg38.select.G.pmat
../mpileup_pmat_bmat/293T-bat_test_rep1_hg38.select.A.pmat
../mpileup_pmat_bmat/293T-bat_test_rep1_hg38.select.T.pmat
../mpileup_pmat_bmat/293T-bat_test_rep1_hg38.select.C.pmat
../mpileup_pmat_bmat/293T-bat_test_rep1_hg38.select.G.pmat
../mpmat/293T-bat_GBEmini-AP-RNF2-All-PD_rep1_hg38.select.A2A.mpmat
../mpmat/293T-bat_GBEmini-AP-RNF2-All-PD_rep1_hg38.select.A2T.mpmat
../mpmat/293T-bat_GBEmini-AP-RNF2-All-PD_rep1_hg38.select.A2C.mpmat
../mpmat/293T-bat_GBEmini-AP-RNF2-All-PD_rep1_hg38.select.A2G.mpmat
../mpmat/293T-bat_GBEmini-AP-RNF2-All-PD_rep1_hg38.select.T2A.mpmat
../mpmat/293T-bat_GBEmini-AP-RNF2-All-PD_rep1_hg38.select.T2T.mpmat
../mpmat/293T-bat_GBEmini-AP-RNF2-All-PD_rep1_hg38.select.T2C.mpmat
../mpmat/293T-bat_GBEmini-AP-RNF2-All-PD_rep1_hg38.select.T2G.mpmat
../mpmat/293T-bat_GBEmini-AP-RNF2-All-PD_rep1_hg38.select.C2A.mpmat
../mpmat/293T-bat_GBEmini-AP-RNF2-All-PD_rep1_hg38.select.C2T.mpmat
../mpmat/293T-bat_GBEmini-AP-RNF2-All-PD_rep1_hg38.select.C2C.mpmat
../mpmat/293T-bat_GBEmini-AP-RNF2-All-PD_rep1_hg38.select.C2G.mpmat
../mpmat/293T-bat_GBEmini-AP-RNF2-All-PD_rep1_hg38.select.G2A.mpmat
../mpmat/293T-bat_GBEmini-AP-RNF2-All-PD_rep1_hg38.select.G2T.mpmat
../mpmat/293T-bat_GBEmini-AP-RNF2-All-PD_rep1_hg38.select.G2C.mpmat
../mpmat/293T-bat_GBEmini-AP-RNF2-All-PD_rep1_hg38.select.G2G.mpmat
../mpmat/293T-bat_GBEmini-dU-RNF2-All-PD_rep1_hg38.select.A2A.mpmat
../mpmat/293T-bat_GBEmini-dU-RNF2-All-PD_rep1_hg38.select.A2T.mpmat
../mpmat/293T-bat_GBEmini-dU-RNF2-All-PD_rep1_hg38.select.A2C.mpmat
../mpmat/293T-bat_GBEmini-dU-RNF2-All-PD_rep1_hg38.select.A2G.mpmat
../mpmat/293T-bat_GBEmini-dU-RNF2-All-PD_rep1_hg38.select.T2A.mpmat
../mpmat/293T-bat_GBEmini-dU-RNF2-All-PD_rep1_hg38.select.T2T.mpmat
../mpmat/293T-bat_GBEmini-dU-RNF2-All-PD_rep1_hg38.select.T2C.mpmat
../mpmat/293T-bat_GBEmini-dU-RNF2-All-PD_rep1_hg38.select.T2G.mpmat
../mpmat/293T-bat_GBEmini-dU-RNF2-All-PD_rep1_hg38.select.C2A.mpmat
../mpmat/293T-bat_GBEmini-dU-RNF2-All-PD_rep1_hg38.select.C2T.mpmat
../mpmat/293T-bat_GBEmini-dU-RNF2-All-PD_rep1_hg38.select.C2C.mpmat
../mpmat/293T-bat_GBEmini-dU-RNF2-All-PD_rep1_hg38.select.C2G.mpmat
../mpmat/293T-bat_GBEmini-dU-RNF2-All-PD_rep1_hg38.select.G2A.mpmat
../mpmat/293T-bat_GBEmini-dU-RNF2-All-PD_rep1_hg38.select.G2T.mpmat
../mpmat/293T-bat_GBEmini-dU-RNF2-All-PD_rep1_hg38.select.G2C.mpmat
../mpmat/293T-bat_GBEmini-dU-RNF2-All-PD_rep1_hg38.select.G2G.mpmat
../mpmat/293T-bat_test_rep1_hg38.select.A2A.mpmat
../mpmat/293T-bat_test_rep1_hg38.select.A2T.mpmat
../mpmat/293T-bat_test_rep1_hg38.select.A2C.mpmat
../mpmat/293T-bat_test_rep1_hg38.select.A2G.mpmat
../mpmat/293T-bat_test_rep1_hg38.select.T2A.mpmat
../mpmat/293T-bat_test_rep1_hg38.select.T2T.mpmat
../mpmat/293T-bat_test_rep1_hg38.select.T2C.mpmat
../mpmat/293T-bat_test_rep1_hg38.select.T2G.mpmat
../mpmat/293T-bat_test_rep1_hg38.select.C2A.mpmat
../mpmat/293T-bat_test_rep1_hg38.select.C2T.mpmat
../mpmat/293T-bat_test_rep1_hg38.select.C2C.mpmat
../mpmat/293T-bat_test_rep1_hg38.select.C2G.mpmat
../mpmat/293T-bat_test_rep1_hg38.select.G2A.mpmat
../mpmat/293T-bat_test_rep1_hg38.select.G2T.mpmat
../mpmat/293T-bat_test_rep1_hg38.select.G2C.mpmat
../mpmat/293T-bat_test_rep1_hg38.select.G2G.mpmat
../bam/293T-bat_GBEmini-AP-RNF2-All-PD_rep1_bwa_hg38_sort_rmdup_MAPQ20.bam
../bam/293T-bat_GBEmini-dU-RNF2-All-PD_rep1_bwa_hg38_sort_rmdup_MAPQ20.bam
../bam/293T-bat_test_rep1_bwa_hg38_sort_rmdup_MAPQ20.bam
../mpileup_pmat_bmat/293T-bat_GBEmini-AP-RNF2-All-PD_rep1_hg38.MAPQ20.mpileup
../mpileup_pmat_bmat/293T-bat_GBEmini-dU-RNF2-All-PD_rep1_hg38.MAPQ20.mpileup
../mpileup_pmat_bmat/293T-bat_test_rep1_hg38.MAPQ20.mpileup
../mpileup_pmat_bmat/293T-bat_GBEmini-AP-RNF2-All-PD_rep1_hg38.MAPQ20.bmat
../mpileup_pmat_bmat/293T-bat_GBEmini-dU-RNF2-All-PD_rep1_hg38.MAPQ20.bmat
../mpileup_pmat_bmat/293T-bat_test_rep1_hg38.MAPQ20.bmat
../mpileup_pmat_bmat/293T-bat_GBEmini-AP-RNF2-All-PD_rep1_hg38.MAPQ20.bmat
../mpileup_pmat_bmat/293T-bat_GBEmini-AP-RNF2-All-PD_rep1_hg38.MAPQ20.bmat
../mpileup_pmat_bmat/293T-bat_GBEmini-AP-RNF2-All-PD_rep1_hg38.MAPQ20.bmat
../mpileup_pmat_bmat/293T-bat_GBEmini-AP-RNF2-All-PD_rep1_hg38.MAPQ20.bmat
../mpileup_pmat_bmat/293T-bat_GBEmini-dU-RNF2-All-PD_rep1_hg38.MAPQ20.bmat
../mpileup_pmat_bmat/293T-bat_GBEmini-dU-RNF2-All-PD_rep1_hg38.MAPQ20.bmat
../mpileup_pmat_bmat/293T-bat_GBEmini-dU-RNF2-All-PD_rep1_hg38.MAPQ20.bmat
../mpileup_pmat_bmat/293T-bat_GBEmini-dU-RNF2-All-PD_rep1_hg38.MAPQ20.bmat
../mpileup_pmat_bmat/293T-bat_test_rep1_hg38.MAPQ20.bmat
../mpileup_pmat_bmat/293T-bat_test_rep1_hg38.MAPQ20.bmat
../mpileup_pmat_bmat/293T-bat_test_rep1_hg38.MAPQ20.bmat
../mpileup_pmat_bmat/293T-bat_test_rep1_hg38.MAPQ20.bmat
../mpileup_pmat_bmat/293T-bat_GBEmini-AP-RNF2-All-PD_rep1_hg38.select.A.bmat
../mpileup_pmat_bmat/293T-bat_GBEmini-AP-RNF2-All-PD_rep1_hg38.select.T.bmat
../mpileup_pmat_bmat/293T-bat_GBEmini-AP-RNF2-All-PD_rep1_hg38.select.C.bmat
../mpileup_pmat_bmat/293T-bat_GBEmini-AP-RNF2-All-PD_rep1_hg38.select.G.bmat
../mpileup_pmat_bmat/293T-bat_GBEmini-dU-RNF2-All-PD_rep1_hg38.select.A.bmat
../mpileup_pmat_bmat/293T-bat_GBEmini-dU-RNF2-All-PD_rep1_hg38.select.T.bmat
../mpileup_pmat_bmat/293T-bat_GBEmini-dU-RNF2-All-PD_rep1_hg38.select.C.bmat
../mpileup_pmat_bmat/293T-bat_GBEmini-dU-RNF2-All-PD_rep1_hg38.select.G.bmat
../mpileup_pmat_bmat/293T-bat_test_rep1_hg38.select.A.bmat
../mpileup_pmat_bmat/293T-bat_test_rep1_hg38.select.T.bmat
../mpileup_pmat_bmat/293T-bat_test_rep1_hg38.select.C.bmat
../mpileup_pmat_bmat/293T-bat_test_rep1_hg38.select.G.bmat
../mpileup_pmat_bmat/293T-bat_GBEmini-AP-RNF2-All-PD_rep1_hg38.select.A.pmat
../mpileup_pmat_bmat/293T-bat_GBEmini-AP-RNF2-All-PD_rep1_hg38.select.A.pmat
../mpileup_pmat_bmat/293T-bat_GBEmini-AP-RNF2-All-PD_rep1_hg38.select.A.pmat
../mpileup_pmat_bmat/293T-bat_GBEmini-AP-RNF2-All-PD_rep1_hg38.select.A.pmat
../mpileup_pmat_bmat/293T-bat_GBEmini-AP-RNF2-All-PD_rep1_hg38.select.T.pmat
../mpileup_pmat_bmat/293T-bat_GBEmini-AP-RNF2-All-PD_rep1_hg38.select.T.pmat
../mpileup_pmat_bmat/293T-bat_GBEmini-AP-RNF2-All-PD_rep1_hg38.select.T.pmat
../mpileup_pmat_bmat/293T-bat_GBEmini-AP-RNF2-All-PD_rep1_hg38.select.T.pmat
../mpileup_pmat_bmat/293T-bat_GBEmini-AP-RNF2-All-PD_rep1_hg38.select.C.pmat
../mpileup_pmat_bmat/293T-bat_GBEmini-AP-RNF2-All-PD_rep1_hg38.select.C.pmat
../mpileup_pmat_bmat/293T-bat_GBEmini-AP-RNF2-All-PD_rep1_hg38.select.C.pmat
../mpileup_pmat_bmat/293T-bat_GBEmini-AP-RNF2-All-PD_rep1_hg38.select.C.pmat
../mpileup_pmat_bmat/293T-bat_GBEmini-AP-RNF2-All-PD_rep1_hg38.select.G.pmat
../mpileup_pmat_bmat/293T-bat_GBEmini-AP-RNF2-All-PD_rep1_hg38.select.G.pmat
../mpileup_pmat_bmat/293T-bat_GBEmini-AP-RNF2-All-PD_rep1_hg38.select.G.pmat
../mpileup_pmat_bmat/293T-bat_GBEmini-AP-RNF2-All-PD_rep1_hg38.select.G.pmat
../mpileup_pmat_bmat/293T-bat_GBEmini-dU-RNF2-All-PD_rep1_hg38.select.A.pmat
../mpileup_pmat_bmat/293T-bat_GBEmini-dU-RNF2-All-PD_rep1_hg38.select.A.pmat
../mpileup_pmat_bmat/293T-bat_GBEmini-dU-RNF2-All-PD_rep1_hg38.select.A.pmat
../mpileup_pmat_bmat/293T-bat_GBEmini-dU-RNF2-All-PD_rep1_hg38.select.A.pmat
../mpileup_pmat_bmat/293T-bat_GBEmini-dU-RNF2-All-PD_rep1_hg38.select.T.pmat
../mpileup_pmat_bmat/293T-bat_GBEmini-dU-RNF2-All-PD_rep1_hg38.select.T.pmat
../mpileup_pmat_bmat/293T-bat_GBEmini-dU-RNF2-All-PD_rep1_hg38.select.T.pmat
../mpileup_pmat_bmat/293T-bat_GBEmini-dU-RNF2-All-PD_rep1_hg38.select.T.pmat
../mpileup_pmat_bmat/293T-bat_GBEmini-dU-RNF2-All-PD_rep1_hg38.select.C.pmat
../mpileup_pmat_bmat/293T-bat_GBEmini-dU-RNF2-All-PD_rep1_hg38.select.C.pmat
../mpileup_pmat_bmat/293T-bat_GBEmini-dU-RNF2-All-PD_rep1_hg38.select.C.pmat
../mpileup_pmat_bmat/293T-bat_GBEmini-dU-RNF2-All-PD_rep1_hg38.select.C.pmat
../mpileup_pmat_bmat/293T-bat_GBEmini-dU-RNF2-All-PD_rep1_hg38.select.G.pmat
../mpileup_pmat_bmat/293T-bat_GBEmini-dU-RNF2-All-PD_rep1_hg38.select.G.pmat
../mpileup_pmat_bmat/293T-bat_GBEmini-dU-RNF2-All-PD_rep1_hg38.select.G.pmat
../mpileup_pmat_bmat/293T-bat_GBEmini-dU-RNF2-All-PD_rep1_hg38.select.G.pmat
../mpileup_pmat_bmat/293T-bat_test_rep1_hg38.select.A.pmat
../mpileup_pmat_bmat/293T-bat_test_rep1_hg38.select.A.pmat
../mpileup_pmat_bmat/293T-bat_test_rep1_hg38.select.A.pmat
../mpileup_pmat_bmat/293T-bat_test_rep1_hg38.select.A.pmat
../mpileup_pmat_bmat/293T-bat_test_rep1_hg38.select.T.pmat
../mpileup_pmat_bmat/293T-bat_test_rep1_hg38.select.T.pmat
../mpileup_pmat_bmat/293T-bat_test_rep1_hg38.select.T.pmat
../mpileup_pmat_bmat/293T-bat_test_rep1_hg38.select.T.pmat
../mpileup_pmat_bmat/293T-bat_test_rep1_hg38.select.C.pmat
../mpileup_pmat_bmat/293T-bat_test_rep1_hg38.select.C.pmat
../mpileup_pmat_bmat/293T-bat_test_rep1_hg38.select.C.pmat
../mpileup_pmat_bmat/293T-bat_test_rep1_hg38.select.C.pmat
../mpileup_pmat_bmat/293T-bat_test_rep1_hg38.select.G.pmat
../mpileup_pmat_bmat/293T-bat_test_rep1_hg38.select.G.pmat
../mpileup_pmat_bmat/293T-bat_test_rep1_hg38.select.G.pmat
../mpileup_pmat_bmat/293T-bat_test_rep1_hg38.select.G.pmat
