../mpmat_merge_Sign/293T-bat_TREAT-GBEmini-dU-RNF2-All-PD_CTRL-VEGFA-Vector-PD_rep1_hg38.filtered_SMN-1_SCN-5_SMR-0.01_RPN-2_RTN-2.C2G_merge_G2C.sort.Sign_poisson.mpmat
../table/detect_seq.StatsTest.table_CTRL-VEGFA-Vector-PD_TREAT-GBEmini-AP-RNF2-All-PD_rep1.filtered_SMN-1_SCN-10_SMR-0.01_RPN-2_RTN-2.C2G_merge_G2C.tsv
../table/detect_seq.StatsTest.table_CTRL-VEGFA-Vector-PD_TREAT-GBEmini-AP-RNF2-All-PD_rep1.filtered_SMN-4_SCN-5_SMR-0.1_RPN-2_RTN-2.C2G_merge_G2C_noHeader.tsv
../table/detect_seq.StatsTest.table_CTRL-VEGFA-Vector-PD_TREAT-GBEmini-AP-RNF2-All-PD_rep1.filtered_SMN-1_SCN-5_SMR-0.1_RPN-2_RTN-2.C2G_merge_G2C_noHeader.Sign.tsv
../table/detect_seq.StatsTest.table_CTRL-VEGFA-Vector-PD_TREAT-GBEmini-AP-RNF2-All-PD_rep1.filtered_SMN-8_SCN-10_SMR-0.1_RPN-2_RTN-2.C2G_merge_G2C_noHeader.Sign.tsv
../table/detect_seq.StatsTest.table_CTRL-VEGFA-Vector-PD_TREAT-GBEmini-dU-RNF2-All-PD_rep1.filtered_SMN-2_SCN-10_SMR-0.1_RPN-2_RTN-2.C2G_merge_G2C_noHeader.Sign.tsv
../mpmat_merge_Sign/293T-bat_TREAT-GBEmini-dU-RNF2-All-PD_CTRL-VEGFA-Vector-PD_rep1_hg38.filtered_SMN-2_SCN-5_SMR-0.1_RPN-2_RTN-2.C2G_merge_G2C.sort.Sign_poisson.mpmat
../mpmat_merge_Sign/293T-bat_TREAT-GBEmini-dU-RNF2-All-PD_CTRL-VEGFA-Vector-PD_rep1_hg38.filtered_SMN-6_SCN-5_SMR-0.01_RPN-2_RTN-2.C2G_merge_G2C.sort.Sign_poisson.mpmat
../table/detect_seq.StatsTest.table_CTRL-VEGFA-Vector-PD_TREAT-GBEmini-AP-RNF2-All-PD_rep1.filtered_SMN-1_SCN-10_SMR-0.1_RPN-2_RTN-2.C2G_merge_G2C.tsv
../table/detect_seq.StatsTest.table_CTRL-VEGFA-Vector-PD_TREAT-GBEmini-AP-RNF2-All-PD_rep1.filtered_SMN-2_SCN-10_SMR-0.01_RPN-2_RTN-2.C2G_merge_G2C_noHeader.tsv
../table/detect_seq.StatsTest.table_CTRL-VEGFA-Vector-PD_TREAT-GBEmini-AP-RNF2-All-PD_rep1.filtered_SMN-6_SCN-5_SMR-0.1_RPN-2_RTN-2.C2G_merge_G2C_noHeader.tsv
../table/detect_seq.StatsTest.table_CTRL-VEGFA-Vector-PD_TREAT-GBEmini-dU-RNF2-All-PD_rep1.filtered_SMN-2_SCN-5_SMR-0.01_RPN-2_RTN-2.C2G_merge_G2C_noHeader.tsv
../table/detect_seq.StatsTest.table_CTRL-VEGFA-Vector-PD_TREAT-GBEmini-dU-RNF2-All-PD_rep1.filtered_SMN-3_SCN-10_SMR-0.1_RPN-2_RTN-2.C2G_merge_G2C_noHeader.tsv
../table/detect_seq.StatsTest.table_CTRL-VEGFA-Vector-PD_TREAT-GBEmini-dU-RNF2-All-PD_rep1.filtered_SMN-7_SCN-10_SMR-0.01_RPN-2_RTN-2.C2G_merge_G2C_noHeader.tsv
../table/detect_seq.StatsTest.table_CTRL-VEGFA-Vector-PD_TREAT-GBEmini-AP-RNF2-All-PD_rep1.filtered_SMN-5_SCN-5_SMR-0.1_RPN-2_RTN-2.C2G_merge_G2C_noHeader.Sign.tsv
../table/detect_seq.StatsTest.table_CTRL-VEGFA-Vector-PD_TREAT-GBEmini-dU-RNF2-All-PD_rep1.filtered_SMN-6_SCN-10_SMR-0.01_RPN-2_RTN-2.C2G_merge_G2C_noHeader.Sign.tsv
../mpmat_merge_Sign/293T-bat_TREAT-GBEmini-dU-RNF2-All-PD_CTRL-VEGFA-Vector-PD_rep1_hg38.filtered_SMN-2_SCN-10_SMR-0.01_RPN-2_RTN-2.C2G_merge_G2C.sort.Sign_poisson.mpmat
../mpmat_merge_Sign/293T-bat_TREAT-GBEmini-dU-RNF2-All-PD_CTRL-VEGFA-Vector-PD_rep1_hg38.filtered_SMN-6_SCN-5_SMR-0.1_RPN-2_RTN-2.C2G_merge_G2C.sort.Sign_poisson.mpmat
../mpmat_merge_Sign/293T-bat_TREAT-GBEmini-AP-RNF2-All-PD_CTRL-VEGFA-Vector-PD_rep1_hg38.filtered_SMN-7_SCN-10_SMR-0.01_RPN-2_RTN-2.C2G_merge_G2C.sort.Sign_poisson.mpmat
../table/detect_seq.StatsTest.table_CTRL-VEGFA-Vector-PD_TREAT-GBEmini-AP-RNF2-All-PD_rep1.filtered_SMN-2_SCN-5_SMR-0.01_RPN-2_RTN-2.C2G_merge_G2C.tsv
../table/detect_seq.StatsTest.table_CTRL-VEGFA-Vector-PD_TREAT-GBEmini-AP-RNF2-All-PD_rep1.filtered_SMN-4_SCN-10_SMR-0.01_RPN-2_RTN-2.C2G_merge_G2C_noHeader.tsv
../table/detect_seq.StatsTest.table_CTRL-VEGFA-Vector-PD_TREAT-GBEmini-AP-RNF2-All-PD_rep1.filtered_SMN-1_SCN-10_SMR-0.01_RPN-2_RTN-2.C2G_merge_G2C_noHeader.Sign.tsv
../table/detect_seq.StatsTest.table_CTRL-VEGFA-Vector-PD_TREAT-GBEmini-dU-RNF2-All-PD_rep1.filtered_SMN-1_SCN-5_SMR-0.01_RPN-2_RTN-2.C2G_merge_G2C_noHeader.Sign.tsv
../table/detect_seq.StatsTest.table_CTRL-VEGFA-Vector-PD_TREAT-GBEmini-dU-RNF2-All-PD_rep1.filtered_SMN-3_SCN-5_SMR-0.01_RPN-2_RTN-2.C2G_merge_G2C_noHeader.Sign.tsv
../mpmat_merge_Sign/293T-bat_TREAT-GBEmini-dU-RNF2-All-PD_CTRL-VEGFA-Vector-PD_rep1_hg38.filtered_SMN-2_SCN-10_SMR-0.1_RPN-2_RTN-2.C2G_merge_G2C.sort.Sign_poisson.mpmat
../mpmat_merge_Sign/293T-bat_TREAT-GBEmini-dU-RNF2-All-PD_CTRL-VEGFA-Vector-PD_rep1_hg38.filtered_SMN-6_SCN-10_SMR-0.01_RPN-2_RTN-2.C2G_merge_G2C.sort.Sign_poisson.mpmat
../table/detect_seq.StatsTest.table_CTRL-VEGFA-Vector-PD_TREAT-GBEmini-AP-RNF2-All-PD_rep1.filtered_SMN-2_SCN-5_SMR-0.1_RPN-2_RTN-2.C2G_merge_G2C.tsv
../table/detect_seq.StatsTest.table_CTRL-VEGFA-Vector-PD_TREAT-GBEmini-AP-RNF2-All-PD_rep1.filtered_SMN-2_SCN-10_SMR-0.1_RPN-2_RTN-2.C2G_merge_G2C_noHeader.tsv
../table/detect_seq.StatsTest.table_CTRL-VEGFA-Vector-PD_TREAT-GBEmini-AP-RNF2-All-PD_rep1.filtered_SMN-6_SCN-10_SMR-0.01_RPN-2_RTN-2.C2G_merge_G2C_noHeader.tsv
../table/detect_seq.StatsTest.table_CTRL-VEGFA-Vector-PD_TREAT-GBEmini-dU-RNF2-All-PD_rep1.filtered_SMN-2_SCN-5_SMR-0.1_RPN-2_RTN-2.C2G_merge_G2C_noHeader.tsv
../table/detect_seq.StatsTest.table_CTRL-VEGFA-Vector-PD_TREAT-GBEmini-dU-RNF2-All-PD_rep1.filtered_SMN-4_SCN-5_SMR-0.01_RPN-2_RTN-2.C2G_merge_G2C_noHeader.tsv
../table/detect_seq.StatsTest.table_CTRL-VEGFA-Vector-PD_TREAT-GBEmini-dU-RNF2-All-PD_rep1.filtered_SMN-7_SCN-10_SMR-0.1_RPN-2_RTN-2.C2G_merge_G2C_noHeader.tsv
../table/detect_seq.StatsTest.table_CTRL-VEGFA-Vector-PD_TREAT-GBEmini-AP-RNF2-All-PD_rep1.filtered_SMN-5_SCN-10_SMR-0.01_RPN-2_RTN-2.C2G_merge_G2C_noHeader.Sign.tsv
../table/detect_seq.StatsTest.table_CTRL-VEGFA-Vector-PD_TREAT-GBEmini-dU-RNF2-All-PD_rep1.filtered_SMN-6_SCN-10_SMR-0.1_RPN-2_RTN-2.C2G_merge_G2C_noHeader.Sign.tsv
../mpmat_merge_Sign/293T-bat_TREAT-GBEmini-dU-RNF2-All-PD_CTRL-VEGFA-Vector-PD_rep1_hg38.filtered_SMN-3_SCN-5_SMR-0.01_RPN-2_RTN-2.C2G_merge_G2C.sort.Sign_poisson.mpmat
../mpmat_merge_Sign/293T-bat_TREAT-GBEmini-dU-RNF2-All-PD_CTRL-VEGFA-Vector-PD_rep1_hg38.filtered_SMN-6_SCN-10_SMR-0.1_RPN-2_RTN-2.C2G_merge_G2C.sort.Sign_poisson.mpmat
../table/detect_seq.StatsTest.table_CTRL-VEGFA-Vector-PD_TREAT-GBEmini-AP-RNF2-All-PD_rep1.filtered_SMN-2_SCN-10_SMR-0.01_RPN-2_RTN-2.C2G_merge_G2C.tsv
../table/detect_seq.StatsTest.table_CTRL-VEGFA-Vector-PD_TREAT-GBEmini-AP-RNF2-All-PD_rep1.filtered_SMN-4_SCN-10_SMR-0.1_RPN-2_RTN-2.C2G_merge_G2C_noHeader.tsv
../table/detect_seq.StatsTest.table_CTRL-VEGFA-Vector-PD_TREAT-GBEmini-AP-RNF2-All-PD_rep1.filtered_SMN-1_SCN-10_SMR-0.1_RPN-2_RTN-2.C2G_merge_G2C_noHeader.Sign.tsv
../table/detect_seq.StatsTest.table_CTRL-VEGFA-Vector-PD_TREAT-GBEmini-dU-RNF2-All-PD_rep1.filtered_SMN-1_SCN-5_SMR-0.1_RPN-2_RTN-2.C2G_merge_G2C_noHeader.Sign.tsv
../table/detect_seq.StatsTest.table_CTRL-VEGFA-Vector-PD_TREAT-GBEmini-dU-RNF2-All-PD_rep1.filtered_SMN-3_SCN-5_SMR-0.1_RPN-2_RTN-2.C2G_merge_G2C_noHeader.Sign.tsv
../mpmat_merge_Sign/293T-bat_TREAT-GBEmini-dU-RNF2-All-PD_CTRL-VEGFA-Vector-PD_rep1_hg38.filtered_SMN-3_SCN-5_SMR-0.1_RPN-2_RTN-2.C2G_merge_G2C.sort.Sign_poisson.mpmat
../mpmat_merge_Sign/293T-bat_TREAT-GBEmini-dU-RNF2-All-PD_CTRL-VEGFA-Vector-PD_rep1_hg38.filtered_SMN-7_SCN-5_SMR-0.01_RPN-2_RTN-2.C2G_merge_G2C.sort.Sign_poisson.mpmat
../table/detect_seq.StatsTest.table_CTRL-VEGFA-Vector-PD_TREAT-GBEmini-AP-RNF2-All-PD_rep1.filtered_SMN-2_SCN-10_SMR-0.1_RPN-2_RTN-2.C2G_merge_G2C.tsv
../table/detect_seq.StatsTest.table_CTRL-VEGFA-Vector-PD_TREAT-GBEmini-AP-RNF2-All-PD_rep1.filtered_SMN-3_SCN-5_SMR-0.01_RPN-2_RTN-2.C2G_merge_G2C_noHeader.tsv
../table/detect_seq.StatsTest.table_CTRL-VEGFA-Vector-PD_TREAT-GBEmini-AP-RNF2-All-PD_rep1.filtered_SMN-6_SCN-10_SMR-0.1_RPN-2_RTN-2.C2G_merge_G2C_noHeader.tsv
../table/detect_seq.StatsTest.table_CTRL-VEGFA-Vector-PD_TREAT-GBEmini-dU-RNF2-All-PD_rep1.filtered_SMN-2_SCN-10_SMR-0.01_RPN-2_RTN-2.C2G_merge_G2C_noHeader.tsv
../table/detect_seq.StatsTest.table_CTRL-VEGFA-Vector-PD_TREAT-GBEmini-dU-RNF2-All-PD_rep1.filtered_SMN-4_SCN-5_SMR-0.1_RPN-2_RTN-2.C2G_merge_G2C_noHeader.tsv
../table/detect_seq.StatsTest.table_CTRL-VEGFA-Vector-PD_TREAT-GBEmini-dU-RNF2-All-PD_rep1.filtered_SMN-8_SCN-5_SMR-0.01_RPN-2_RTN-2.C2G_merge_G2C_noHeader.tsv
../table/detect_seq.StatsTest.table_CTRL-VEGFA-Vector-PD_TREAT-GBEmini-AP-RNF2-All-PD_rep1.filtered_SMN-5_SCN-10_SMR-0.1_RPN-2_RTN-2.C2G_merge_G2C_noHeader.Sign.tsv
../table/detect_seq.StatsTest.table_CTRL-VEGFA-Vector-PD_TREAT-GBEmini-dU-RNF2-All-PD_rep1.filtered_SMN-1_SCN-10_SMR-0.01_RPN-2_RTN-2.C2G_merge_G2C_noHeader.Sign.tsv
../table/detect_seq.StatsTest.table_CTRL-VEGFA-Vector-PD_TREAT-GBEmini-dU-RNF2-All-PD_rep1.filtered_SMN-7_SCN-5_SMR-0.01_RPN-2_RTN-2.C2G_merge_G2C_noHeader.Sign.tsv
../mpmat_merge_Sign/293T-bat_TREAT-GBEmini-dU-RNF2-All-PD_CTRL-VEGFA-Vector-PD_rep1_hg38.filtered_SMN-3_SCN-10_SMR-0.01_RPN-2_RTN-2.C2G_merge_G2C.sort.Sign_poisson.mpmat
../table/detect_seq.StatsTest.table_CTRL-VEGFA-Vector-PD_TREAT-GBEmini-AP-RNF2-All-PD_rep1.filtered_SMN-3_SCN-5_SMR-0.01_RPN-2_RTN-2.C2G_merge_G2C.tsv
../table/detect_seq.StatsTest.table_CTRL-VEGFA-Vector-PD_TREAT-GBEmini-AP-RNF2-All-PD_rep1.filtered_SMN-5_SCN-5_SMR-0.01_RPN-2_RTN-2.C2G_merge_G2C_noHeader.tsv
../table/detect_seq.StatsTest.table_CTRL-VEGFA-Vector-PD_TREAT-GBEmini-AP-RNF2-All-PD_rep1.filtered_SMN-2_SCN-5_SMR-0.01_RPN-2_RTN-2.C2G_merge_G2C_noHeader.Sign.tsv
../table/detect_seq.StatsTest.table_CTRL-VEGFA-Vector-PD_TREAT-GBEmini-dU-RNF2-All-PD_rep1.filtered_SMN-3_SCN-10_SMR-0.01_RPN-2_RTN-2.C2G_merge_G2C_noHeader.Sign.tsv
../mpmat_merge_Sign/293T-bat_TREAT-GBEmini-dU-RNF2-All-PD_CTRL-VEGFA-Vector-PD_rep1_hg38.filtered_SMN-3_SCN-10_SMR-0.1_RPN-2_RTN-2.C2G_merge_G2C.sort.Sign_poisson.mpmat
../mpmat_merge_Sign/293T-bat_TREAT-GBEmini-dU-RNF2-All-PD_CTRL-VEGFA-Vector-PD_rep1_hg38.filtered_SMN-7_SCN-10_SMR-0.01_RPN-2_RTN-2.C2G_merge_G2C.sort.Sign_poisson.mpmat
../table/detect_seq.StatsTest.table_CTRL-VEGFA-Vector-PD_TREAT-GBEmini-AP-RNF2-All-PD_rep1.filtered_SMN-3_SCN-5_SMR-0.1_RPN-2_RTN-2.C2G_merge_G2C.tsv
../table/detect_seq.StatsTest.table_CTRL-VEGFA-Vector-PD_TREAT-GBEmini-AP-RNF2-All-PD_rep1.filtered_SMN-3_SCN-5_SMR-0.1_RPN-2_RTN-2.C2G_merge_G2C_noHeader.tsv
../table/detect_seq.StatsTest.table_CTRL-VEGFA-Vector-PD_TREAT-GBEmini-AP-RNF2-All-PD_rep1.filtered_SMN-7_SCN-5_SMR-0.01_RPN-2_RTN-2.C2G_merge_G2C_noHeader.tsv
../table/detect_seq.StatsTest.table_CTRL-VEGFA-Vector-PD_TREAT-GBEmini-dU-RNF2-All-PD_rep1.filtered_SMN-2_SCN-10_SMR-0.1_RPN-2_RTN-2.C2G_merge_G2C_noHeader.tsv
../table/detect_seq.StatsTest.table_CTRL-VEGFA-Vector-PD_TREAT-GBEmini-dU-RNF2-All-PD_rep1.filtered_SMN-4_SCN-10_SMR-0.01_RPN-2_RTN-2.C2G_merge_G2C_noHeader.tsv
../table/detect_seq.StatsTest.table_CTRL-VEGFA-Vector-PD_TREAT-GBEmini-dU-RNF2-All-PD_rep1.filtered_SMN-8_SCN-5_SMR-0.1_RPN-2_RTN-2.C2G_merge_G2C_noHeader.tsv
../table/detect_seq.StatsTest.table_CTRL-VEGFA-Vector-PD_TREAT-GBEmini-AP-RNF2-All-PD_rep1.filtered_SMN-6_SCN-5_SMR-0.01_RPN-2_RTN-2.C2G_merge_G2C_noHeader.Sign.tsv
../table/detect_seq.StatsTest.table_CTRL-VEGFA-Vector-PD_TREAT-GBEmini-dU-RNF2-All-PD_rep1.filtered_SMN-1_SCN-10_SMR-0.1_RPN-2_RTN-2.C2G_merge_G2C_noHeader.Sign.tsv
../table/detect_seq.StatsTest.table_CTRL-VEGFA-Vector-PD_TREAT-GBEmini-dU-RNF2-All-PD_rep1.filtered_SMN-7_SCN-5_SMR-0.1_RPN-2_RTN-2.C2G_merge_G2C_noHeader.Sign.tsv
../mpmat_merge_Sign/293T-bat_TREAT-GBEmini-dU-RNF2-All-PD_CTRL-VEGFA-Vector-PD_rep1_hg38.filtered_SMN-4_SCN-5_SMR-0.01_RPN-2_RTN-2.C2G_merge_G2C.sort.Sign_poisson.mpmat
../table/detect_seq.StatsTest.table_CTRL-VEGFA-Vector-PD_TREAT-GBEmini-AP-RNF2-All-PD_rep1.filtered_SMN-3_SCN-10_SMR-0.01_RPN-2_RTN-2.C2G_merge_G2C.tsv
../table/detect_seq.StatsTest.table_CTRL-VEGFA-Vector-PD_TREAT-GBEmini-AP-RNF2-All-PD_rep1.filtered_SMN-5_SCN-5_SMR-0.1_RPN-2_RTN-2.C2G_merge_G2C_noHeader.tsv
../table/detect_seq.StatsTest.table_CTRL-VEGFA-Vector-PD_TREAT-GBEmini-AP-RNF2-All-PD_rep1.filtered_SMN-2_SCN-5_SMR-0.1_RPN-2_RTN-2.C2G_merge_G2C_noHeader.Sign.tsv
../table/detect_seq.StatsTest.table_CTRL-VEGFA-Vector-PD_TREAT-GBEmini-dU-RNF2-All-PD_rep1.filtered_SMN-3_SCN-10_SMR-0.1_RPN-2_RTN-2.C2G_merge_G2C_noHeader.Sign.tsv
../mpmat_merge_Sign/293T-bat_TREAT-GBEmini-dU-RNF2-All-PD_CTRL-VEGFA-Vector-PD_rep1_hg38.filtered_SMN-4_SCN-5_SMR-0.1_RPN-2_RTN-2.C2G_merge_G2C.sort.Sign_poisson.mpmat
../mpmat_merge_Sign/293T-bat_TREAT-GBEmini-dU-RNF2-All-PD_CTRL-VEGFA-Vector-PD_rep1_hg38.filtered_SMN-8_SCN-5_SMR-0.01_RPN-2_RTN-2.C2G_merge_G2C.sort.Sign_poisson.mpmat
../table/detect_seq.StatsTest.table_CTRL-VEGFA-Vector-PD_TREAT-GBEmini-AP-RNF2-All-PD_rep1.filtered_SMN-3_SCN-10_SMR-0.1_RPN-2_RTN-2.C2G_merge_G2C.tsv
../table/detect_seq.StatsTest.table_CTRL-VEGFA-Vector-PD_TREAT-GBEmini-AP-RNF2-All-PD_rep1.filtered_SMN-3_SCN-10_SMR-0.01_RPN-2_RTN-2.C2G_merge_G2C_noHeader.tsv
../table/detect_seq.StatsTest.table_CTRL-VEGFA-Vector-PD_TREAT-GBEmini-AP-RNF2-All-PD_rep1.filtered_SMN-7_SCN-5_SMR-0.1_RPN-2_RTN-2.C2G_merge_G2C_noHeader.tsv
../table/detect_seq.StatsTest.table_CTRL-VEGFA-Vector-PD_TREAT-GBEmini-dU-RNF2-All-PD_rep1.filtered_SMN-4_SCN-10_SMR-0.1_RPN-2_RTN-2.C2G_merge_G2C_noHeader.tsv
../table/detect_seq.StatsTest.table_CTRL-VEGFA-Vector-PD_TREAT-GBEmini-dU-RNF2-All-PD_rep1.filtered_SMN-8_SCN-10_SMR-0.01_RPN-2_RTN-2.C2G_merge_G2C_noHeader.tsv
../table/detect_seq.StatsTest.table_CTRL-VEGFA-Vector-PD_TREAT-GBEmini-AP-RNF2-All-PD_rep1.filtered_SMN-6_SCN-5_SMR-0.1_RPN-2_RTN-2.C2G_merge_G2C_noHeader.Sign.tsv
../table/detect_seq.StatsTest.table_CTRL-VEGFA-Vector-PD_TREAT-GBEmini-dU-RNF2-All-PD_rep1.filtered_SMN-2_SCN-5_SMR-0.01_RPN-2_RTN-2.C2G_merge_G2C_noHeader.Sign.tsv
../mpmat_merge_Sign/293T-bat_TREAT-GBEmini-dU-RNF2-All-PD_CTRL-VEGFA-Vector-PD_rep1_hg38.filtered_SMN-4_SCN-10_SMR-0.01_RPN-2_RTN-2.C2G_merge_G2C.sort.Sign_poisson.mpmat
../mpmat_merge_Sign/293T-bat_TREAT-GBEmini-dU-RNF2-All-PD_CTRL-VEGFA-Vector-PD_rep1_hg38.filtered_SMN-8_SCN-5_SMR-0.1_RPN-2_RTN-2.C2G_merge_G2C.sort.Sign_poisson.mpmat
../mpmat_merge_Sign/293T-bat_TREAT-GBEmini-dU-RNF2-All-PD_CTRL-VEGFA-Vector-PD_rep1_hg38.filtered_SMN-1_SCN-10_SMR-0.01_RPN-2_RTN-2.C2G_merge_G2C.sort.Sign_poisson.mpmat
../table/detect_seq.StatsTest.table_CTRL-VEGFA-Vector-PD_TREAT-GBEmini-AP-RNF2-All-PD_rep1.filtered_SMN-4_SCN-5_SMR-0.01_RPN-2_RTN-2.C2G_merge_G2C.tsv
../table/detect_seq.StatsTest.table_CTRL-VEGFA-Vector-PD_TREAT-GBEmini-AP-RNF2-All-PD_rep1.filtered_SMN-5_SCN-10_SMR-0.01_RPN-2_RTN-2.C2G_merge_G2C_noHeader.tsv
../table/detect_seq.StatsTest.table_CTRL-VEGFA-Vector-PD_TREAT-GBEmini-dU-RNF2-All-PD_rep1.filtered_SMN-3_SCN-5_SMR-0.01_RPN-2_RTN-2.C2G_merge_G2C_noHeader.tsv
../table/detect_seq.StatsTest.table_CTRL-VEGFA-Vector-PD_TREAT-GBEmini-AP-RNF2-All-PD_rep1.filtered_SMN-2_SCN-10_SMR-0.01_RPN-2_RTN-2.C2G_merge_G2C_noHeader.Sign.tsv
../table/detect_seq.StatsTest.table_CTRL-VEGFA-Vector-PD_TREAT-GBEmini-dU-RNF2-All-PD_rep1.filtered_SMN-4_SCN-5_SMR-0.01_RPN-2_RTN-2.C2G_merge_G2C_noHeader.Sign.tsv
../table/detect_seq.StatsTest.table_CTRL-VEGFA-Vector-PD_TREAT-GBEmini-dU-RNF2-All-PD_rep1.filtered_SMN-7_SCN-10_SMR-0.01_RPN-2_RTN-2.C2G_merge_G2C_noHeader.Sign.tsv
../mpmat_merge_Sign/293T-bat_TREAT-GBEmini-dU-RNF2-All-PD_CTRL-VEGFA-Vector-PD_rep1_hg38.filtered_SMN-4_SCN-10_SMR-0.1_RPN-2_RTN-2.C2G_merge_G2C.sort.Sign_poisson.mpmat
../mpmat_merge_Sign/293T-bat_TREAT-GBEmini-dU-RNF2-All-PD_CTRL-VEGFA-Vector-PD_rep1_hg38.filtered_SMN-8_SCN-10_SMR-0.01_RPN-2_RTN-2.C2G_merge_G2C.sort.Sign_poisson.mpmat
../table/detect_seq.StatsTest.table_CTRL-VEGFA-Vector-PD_TREAT-GBEmini-AP-RNF2-All-PD_rep1.filtered_SMN-4_SCN-5_SMR-0.1_RPN-2_RTN-2.C2G_merge_G2C.tsv
../table/detect_seq.StatsTest.table_CTRL-VEGFA-Vector-PD_TREAT-GBEmini-AP-RNF2-All-PD_rep1.filtered_SMN-3_SCN-10_SMR-0.1_RPN-2_RTN-2.C2G_merge_G2C_noHeader.tsv
../table/detect_seq.StatsTest.table_CTRL-VEGFA-Vector-PD_TREAT-GBEmini-AP-RNF2-All-PD_rep1.filtered_SMN-7_SCN-10_SMR-0.01_RPN-2_RTN-2.C2G_merge_G2C_noHeader.tsv
../table/detect_seq.StatsTest.table_CTRL-VEGFA-Vector-PD_TREAT-GBEmini-dU-RNF2-All-PD_rep1.filtered_SMN-5_SCN-5_SMR-0.01_RPN-2_RTN-2.C2G_merge_G2C_noHeader.tsv
../table/detect_seq.StatsTest.table_CTRL-VEGFA-Vector-PD_TREAT-GBEmini-dU-RNF2-All-PD_rep1.filtered_SMN-8_SCN-10_SMR-0.1_RPN-2_RTN-2.C2G_merge_G2C_noHeader.tsv
../table/detect_seq.StatsTest.table_CTRL-VEGFA-Vector-PD_TREAT-GBEmini-AP-RNF2-All-PD_rep1.filtered_SMN-6_SCN-10_SMR-0.01_RPN-2_RTN-2.C2G_merge_G2C_noHeader.Sign.tsv
../table/detect_seq.StatsTest.table_CTRL-VEGFA-Vector-PD_TREAT-GBEmini-dU-RNF2-All-PD_rep1.filtered_SMN-2_SCN-5_SMR-0.1_RPN-2_RTN-2.C2G_merge_G2C_noHeader.Sign.tsv
../mpmat_merge_Sign/293T-bat_TREAT-GBEmini-dU-RNF2-All-PD_CTRL-VEGFA-Vector-PD_rep1_hg38.filtered_SMN-5_SCN-5_SMR-0.01_RPN-2_RTN-2.C2G_merge_G2C.sort.Sign_poisson.mpmat
../mpmat_merge_Sign/293T-bat_TREAT-GBEmini-dU-RNF2-All-PD_CTRL-VEGFA-Vector-PD_rep1_hg38.filtered_SMN-8_SCN-10_SMR-0.1_RPN-2_RTN-2.C2G_merge_G2C.sort.Sign_poisson.mpmat
../table/detect_seq.StatsTest.table_CTRL-VEGFA-Vector-PD_TREAT-GBEmini-AP-RNF2-All-PD_rep1.filtered_SMN-4_SCN-10_SMR-0.01_RPN-2_RTN-2.C2G_merge_G2C.tsv
../table/detect_seq.StatsTest.table_CTRL-VEGFA-Vector-PD_TREAT-GBEmini-AP-RNF2-All-PD_rep1.filtered_SMN-5_SCN-10_SMR-0.1_RPN-2_RTN-2.C2G_merge_G2C_noHeader.tsv
../table/detect_seq.StatsTest.table_CTRL-VEGFA-Vector-PD_TREAT-GBEmini-dU-RNF2-All-PD_rep1.filtered_SMN-3_SCN-5_SMR-0.1_RPN-2_RTN-2.C2G_merge_G2C_noHeader.tsv
../table/detect_seq.StatsTest.table_CTRL-VEGFA-Vector-PD_TREAT-GBEmini-AP-RNF2-All-PD_rep1.filtered_SMN-2_SCN-10_SMR-0.1_RPN-2_RTN-2.C2G_merge_G2C_noHeader.Sign.tsv
../table/detect_seq.StatsTest.table_CTRL-VEGFA-Vector-PD_TREAT-GBEmini-dU-RNF2-All-PD_rep1.filtered_SMN-4_SCN-5_SMR-0.1_RPN-2_RTN-2.C2G_merge_G2C_noHeader.Sign.tsv
../table/detect_seq.StatsTest.table_CTRL-VEGFA-Vector-PD_TREAT-GBEmini-dU-RNF2-All-PD_rep1.filtered_SMN-7_SCN-10_SMR-0.1_RPN-2_RTN-2.C2G_merge_G2C_noHeader.Sign.tsv
../mpmat_merge_Sign/293T-bat_TREAT-GBEmini-dU-RNF2-All-PD_CTRL-VEGFA-Vector-PD_rep1_hg38.filtered_SMN-5_SCN-5_SMR-0.1_RPN-2_RTN-2.C2G_merge_G2C.sort.Sign_poisson.mpmat
../table/detect_seq.StatsTest.table_CTRL-VEGFA-Vector-PD_TREAT-GBEmini-AP-RNF2-All-PD_rep1.filtered_SMN-1_SCN-5_SMR-0.01_RPN-2_RTN-2.C2G_merge_G2C.tsv
../table/detect_seq.StatsTest.table_CTRL-VEGFA-Vector-PD_TREAT-GBEmini-AP-RNF2-All-PD_rep1.filtered_SMN-4_SCN-10_SMR-0.1_RPN-2_RTN-2.C2G_merge_G2C.tsv
../table/detect_seq.StatsTest.table_CTRL-VEGFA-Vector-PD_TREAT-GBEmini-AP-RNF2-All-PD_rep1.filtered_SMN-4_SCN-5_SMR-0.01_RPN-2_RTN-2.C2G_merge_G2C_noHeader.tsv
../table/detect_seq.StatsTest.table_CTRL-VEGFA-Vector-PD_TREAT-GBEmini-AP-RNF2-All-PD_rep1.filtered_SMN-7_SCN-10_SMR-0.1_RPN-2_RTN-2.C2G_merge_G2C_noHeader.tsv
../table/detect_seq.StatsTest.table_CTRL-VEGFA-Vector-PD_TREAT-GBEmini-dU-RNF2-All-PD_rep1.filtered_SMN-5_SCN-5_SMR-0.1_RPN-2_RTN-2.C2G_merge_G2C_noHeader.tsv
../table/detect_seq.StatsTest.table_CTRL-VEGFA-Vector-PD_TREAT-GBEmini-AP-RNF2-All-PD_rep1.filtered_SMN-1_SCN-5_SMR-0.01_RPN-2_RTN-2.C2G_merge_G2C_noHeader.Sign.tsv
../table/detect_seq.StatsTest.table_CTRL-VEGFA-Vector-PD_TREAT-GBEmini-AP-RNF2-All-PD_rep1.filtered_SMN-6_SCN-10_SMR-0.1_RPN-2_RTN-2.C2G_merge_G2C_noHeader.Sign.tsv
../table/detect_seq.StatsTest.table_CTRL-VEGFA-Vector-PD_TREAT-GBEmini-dU-RNF2-All-PD_rep1.filtered_SMN-2_SCN-10_SMR-0.01_RPN-2_RTN-2.C2G_merge_G2C_noHeader.Sign.tsv
../mpmat_merge_Sign/293T-bat_TREAT-GBEmini-dU-RNF2-All-PD_CTRL-VEGFA-Vector-PD_rep1_hg38.filtered_SMN-5_SCN-10_SMR-0.01_RPN-2_RTN-2.C2G_merge_G2C.sort.Sign_poisson.mpmat
../table/detect_seq.StatsTest.table_CTRL-VEGFA-Vector-PD_TREAT-GBEmini-AP-RNF2-All-PD_rep1.filtered_SMN-1_SCN-5_SMR-0.1_RPN-2_RTN-2.C2G_merge_G2C.tsv
../table/detect_seq.StatsTest.table_CTRL-VEGFA-Vector-PD_TREAT-GBEmini-dU-RNF2-All-PD_rep1.filtered_SMN-3_SCN-5_SMR-0.01_RPN-2_RTN-2.C2G_merge_G2C.tsv
../table/detect_seq.StatsTest.table_CTRL-VEGFA-Vector-PD_TREAT-GBEmini-AP-RNF2-All-PD_rep1.filtered_SMN-6_SCN-5_SMR-0.01_RPN-2_RTN-2.C2G_merge_G2C_noHeader.tsv
../table/detect_seq.StatsTest.table_CTRL-VEGFA-Vector-PD_TREAT-GBEmini-dU-RNF2-All-PD_rep1.filtered_SMN-3_SCN-10_SMR-0.01_RPN-2_RTN-2.C2G_merge_G2C_noHeader.tsv
../table/detect_seq.StatsTest.table_CTRL-VEGFA-Vector-PD_TREAT-GBEmini-AP-RNF2-All-PD_rep1.filtered_SMN-3_SCN-5_SMR-0.01_RPN-2_RTN-2.C2G_merge_G2C_noHeader.Sign.tsv
../table/detect_seq.StatsTest.table_CTRL-VEGFA-Vector-PD_TREAT-GBEmini-dU-RNF2-All-PD_rep1.filtered_SMN-4_SCN-10_SMR-0.01_RPN-2_RTN-2.C2G_merge_G2C_noHeader.Sign.tsv
../table/detect_seq.StatsTest.table_CTRL-VEGFA-Vector-PD_TREAT-GBEmini-dU-RNF2-All-PD_rep1.filtered_SMN-8_SCN-5_SMR-0.01_RPN-2_RTN-2.C2G_merge_G2C_noHeader.Sign.tsv
../mpmat_merge_Sign/293T-bat_TREAT-GBEmini-dU-RNF2-All-PD_CTRL-VEGFA-Vector-PD_rep1_hg38.filtered_SMN-5_SCN-10_SMR-0.1_RPN-2_RTN-2.C2G_merge_G2C.sort.Sign_poisson.mpmat
../mpmat_merge_Sign/293T-bat_TREAT-GBEmini-dU-RNF2-All-PD_CTRL-VEGFA-Vector-PD_rep1_hg38.filtered_SMN-7_SCN-5_SMR-0.1_RPN-2_RTN-2.C2G_merge_G2C.sort.Sign_poisson.mpmat
../table/detect_seq.StatsTest.table_CTRL-VEGFA-Vector-PD_TREAT-GBEmini-AP-RNF2-All-PD_rep1.filtered_SMN-5_SCN-5_SMR-0.01_RPN-2_RTN-2.C2G_merge_G2C.tsv
../table/detect_seq.StatsTest.table_CTRL-VEGFA-Vector-PD_TREAT-GBEmini-AP-RNF2-All-PD_rep1.filtered_SMN-8_SCN-10_SMR-0.1_RPN-2_RTN-2.C2G_merge_G2C.tsv
../table/detect_seq.StatsTest.table_CTRL-VEGFA-Vector-PD_TREAT-GBEmini-dU-RNF2-All-PD_rep1.filtered_SMN-4_SCN-10_SMR-0.1_RPN-2_RTN-2.C2G_merge_G2C.tsv
../table/detect_seq.StatsTest.table_CTRL-VEGFA-Vector-PD_TREAT-GBEmini-dU-RNF2-All-PD_rep1.filtered_SMN-8_SCN-5_SMR-0.1_RPN-2_RTN-2.C2G_merge_G2C.tsv
../table/detect_seq.StatsTest.table_CTRL-VEGFA-Vector-PD_TREAT-GBEmini-AP-RNF2-All-PD_rep1.filtered_SMN-8_SCN-5_SMR-0.01_RPN-2_RTN-2.C2G_merge_G2C_noHeader.tsv
../table/detect_seq.StatsTest.table_CTRL-VEGFA-Vector-PD_TREAT-GBEmini-dU-RNF2-All-PD_rep1.filtered_SMN-5_SCN-10_SMR-0.01_RPN-2_RTN-2.C2G_merge_G2C_noHeader.tsv
../table/detect_seq.StatsTest.table_CTRL-VEGFA-Vector-PD_TREAT-GBEmini-AP-RNF2-All-PD_rep1.filtered_SMN-7_SCN-5_SMR-0.01_RPN-2_RTN-2.C2G_merge_G2C_noHeader.Sign.tsv
../mpmat_merge_Sign/293T-bat_TREAT-GBEmini-AP-RNF2-All-PD_CTRL-VEGFA-Vector-PD_rep1_hg38.filtered_SMN-3_SCN-5_SMR-0.01_RPN-2_RTN-2.C2G_merge_G2C.sort.Sign_poisson.mpmat
../mpmat_merge_Sign/293T-bat_TREAT-GBEmini-AP-RNF2-All-PD_CTRL-VEGFA-Vector-PD_rep1_hg38.filtered_SMN-6_SCN-10_SMR-0.01_RPN-2_RTN-2.C2G_merge_G2C.sort.Sign_poisson.mpmat
../table/detect_seq.StatsTest.table_CTRL-VEGFA-Vector-PD_TREAT-GBEmini-AP-RNF2-All-PD_rep1.filtered_SMN-5_SCN-5_SMR-0.1_RPN-2_RTN-2.C2G_merge_G2C.tsv
../table/detect_seq.StatsTest.table_CTRL-VEGFA-Vector-PD_TREAT-GBEmini-dU-RNF2-All-PD_rep1.filtered_SMN-1_SCN-5_SMR-0.01_RPN-2_RTN-2.C2G_merge_G2C.tsv
../table/detect_seq.StatsTest.table_CTRL-VEGFA-Vector-PD_TREAT-GBEmini-dU-RNF2-All-PD_rep1.filtered_SMN-5_SCN-5_SMR-0.01_RPN-2_RTN-2.C2G_merge_G2C.tsv
../table/detect_seq.StatsTest.table_CTRL-VEGFA-Vector-PD_TREAT-GBEmini-dU-RNF2-All-PD_rep1.filtered_SMN-8_SCN-10_SMR-0.01_RPN-2_RTN-2.C2G_merge_G2C.tsv
../table/detect_seq.StatsTest.table_CTRL-VEGFA-Vector-PD_TREAT-GBEmini-AP-RNF2-All-PD_rep1.filtered_SMN-3_SCN-5_SMR-0.1_RPN-2_RTN-2.C2G_merge_G2C_noHeader.Sign.tsv
../table/detect_seq.StatsTest.table_CTRL-VEGFA-Vector-PD_TREAT-GBEmini-dU-RNF2-All-PD_rep1.filtered_SMN-4_SCN-10_SMR-0.1_RPN-2_RTN-2.C2G_merge_G2C_noHeader.Sign.tsv
../mpmat_merge_Sign/293T-bat_TREAT-GBEmini-AP-RNF2-All-PD_CTRL-VEGFA-Vector-PD_rep1_hg38.filtered_SMN-3_SCN-5_SMR-0.1_RPN-2_RTN-2.C2G_merge_G2C.sort.Sign_poisson.mpmat
../mpmat_merge_Sign/293T-bat_TREAT-GBEmini-AP-RNF2-All-PD_CTRL-VEGFA-Vector-PD_rep1_hg38.filtered_SMN-6_SCN-10_SMR-0.1_RPN-2_RTN-2.C2G_merge_G2C.sort.Sign_poisson.mpmat
../table/detect_seq.StatsTest.table_CTRL-VEGFA-Vector-PD_TREAT-GBEmini-AP-RNF2-All-PD_rep1.filtered_SMN-5_SCN-10_SMR-0.01_RPN-2_RTN-2.C2G_merge_G2C.tsv
../table/detect_seq.StatsTest.table_CTRL-VEGFA-Vector-PD_TREAT-GBEmini-dU-RNF2-All-PD_rep1.filtered_SMN-1_SCN-5_SMR-0.1_RPN-2_RTN-2.C2G_merge_G2C.tsv
../table/detect_seq.StatsTest.table_CTRL-VEGFA-Vector-PD_TREAT-GBEmini-dU-RNF2-All-PD_rep1.filtered_SMN-5_SCN-5_SMR-0.1_RPN-2_RTN-2.C2G_merge_G2C.tsv
../table/detect_seq.StatsTest.table_CTRL-VEGFA-Vector-PD_TREAT-GBEmini-dU-RNF2-All-PD_rep1.filtered_SMN-8_SCN-10_SMR-0.1_RPN-2_RTN-2.C2G_merge_G2C.tsv
../table/detect_seq.StatsTest.table_CTRL-VEGFA-Vector-PD_TREAT-GBEmini-AP-RNF2-All-PD_rep1.filtered_SMN-8_SCN-5_SMR-0.1_RPN-2_RTN-2.C2G_merge_G2C_noHeader.tsv
../table/detect_seq.StatsTest.table_CTRL-VEGFA-Vector-PD_TREAT-GBEmini-dU-RNF2-All-PD_rep1.filtered_SMN-5_SCN-10_SMR-0.1_RPN-2_RTN-2.C2G_merge_G2C_noHeader.tsv
../table/detect_seq.StatsTest.table_CTRL-VEGFA-Vector-PD_TREAT-GBEmini-AP-RNF2-All-PD_rep1.filtered_SMN-7_SCN-5_SMR-0.1_RPN-2_RTN-2.C2G_merge_G2C_noHeader.Sign.tsv
../table/detect_seq.StatsTest.table_CTRL-VEGFA-Vector-PD_TREAT-GBEmini-dU-RNF2-All-PD_rep1.filtered_SMN-8_SCN-5_SMR-0.1_RPN-2_RTN-2.C2G_merge_G2C_noHeader.Sign.tsv
../mpmat_merge_Sign/293T-bat_TREAT-GBEmini-AP-RNF2-All-PD_CTRL-VEGFA-Vector-PD_rep1_hg38.filtered_SMN-7_SCN-5_SMR-0.01_RPN-2_RTN-2.C2G_merge_G2C.sort.Sign_poisson.mpmat
../table/detect_seq.StatsTest.table_CTRL-VEGFA-Vector-PD_TREAT-GBEmini-AP-RNF2-All-PD_rep1.filtered_SMN-5_SCN-10_SMR-0.1_RPN-2_RTN-2.C2G_merge_G2C.tsv
../table/detect_seq.StatsTest.table_CTRL-VEGFA-Vector-PD_TREAT-GBEmini-dU-RNF2-All-PD_rep1.filtered_SMN-1_SCN-10_SMR-0.01_RPN-2_RTN-2.C2G_merge_G2C.tsv
../table/detect_seq.StatsTest.table_CTRL-VEGFA-Vector-PD_TREAT-GBEmini-dU-RNF2-All-PD_rep1.filtered_SMN-5_SCN-10_SMR-0.01_RPN-2_RTN-2.C2G_merge_G2C.tsv
../table/detect_seq.StatsTest.table_CTRL-VEGFA-Vector-PD_TREAT-GBEmini-AP-RNF2-All-PD_rep1.filtered_SMN-3_SCN-10_SMR-0.01_RPN-2_RTN-2.C2G_merge_G2C_noHeader.Sign.tsv
../mpmat_merge_Sign/293T-bat_TREAT-GBEmini-AP-RNF2-All-PD_CTRL-VEGFA-Vector-PD_rep1_hg38.filtered_SMN-3_SCN-10_SMR-0.01_RPN-2_RTN-2.C2G_merge_G2C.sort.Sign_poisson.mpmat
../mpmat_merge_Sign/293T-bat_TREAT-GBEmini-AP-RNF2-All-PD_CTRL-VEGFA-Vector-PD_rep1_hg38.filtered_SMN-7_SCN-5_SMR-0.1_RPN-2_RTN-2.C2G_merge_G2C.sort.Sign_poisson.mpmat
../table/detect_seq.StatsTest.table_CTRL-VEGFA-Vector-PD_TREAT-GBEmini-AP-RNF2-All-PD_rep1.filtered_SMN-6_SCN-5_SMR-0.01_RPN-2_RTN-2.C2G_merge_G2C.tsv
../table/detect_seq.StatsTest.table_CTRL-VEGFA-Vector-PD_TREAT-GBEmini-dU-RNF2-All-PD_rep1.filtered_SMN-1_SCN-10_SMR-0.1_RPN-2_RTN-2.C2G_merge_G2C.tsv
../table/detect_seq.StatsTest.table_CTRL-VEGFA-Vector-PD_TREAT-GBEmini-dU-RNF2-All-PD_rep1.filtered_SMN-5_SCN-10_SMR-0.1_RPN-2_RTN-2.C2G_merge_G2C.tsv
../table/detect_seq.StatsTest.table_CTRL-VEGFA-Vector-PD_TREAT-GBEmini-AP-RNF2-All-PD_rep1.filtered_SMN-1_SCN-5_SMR-0.01_RPN-2_RTN-2.C2G_merge_G2C_noHeader.tsv
../table/detect_seq.StatsTest.table_CTRL-VEGFA-Vector-PD_TREAT-GBEmini-AP-RNF2-All-PD_rep1.filtered_SMN-8_SCN-10_SMR-0.01_RPN-2_RTN-2.C2G_merge_G2C_noHeader.tsv
../table/detect_seq.StatsTest.table_CTRL-VEGFA-Vector-PD_TREAT-GBEmini-dU-RNF2-All-PD_rep1.filtered_SMN-6_SCN-5_SMR-0.01_RPN-2_RTN-2.C2G_merge_G2C_noHeader.tsv
../table/detect_seq.StatsTest.table_CTRL-VEGFA-Vector-PD_TREAT-GBEmini-AP-RNF2-All-PD_rep1.filtered_SMN-3_SCN-10_SMR-0.1_RPN-2_RTN-2.C2G_merge_G2C_noHeader.Sign.tsv
../table/detect_seq.StatsTest.table_CTRL-VEGFA-Vector-PD_TREAT-GBEmini-dU-RNF2-All-PD_rep1.filtered_SMN-5_SCN-5_SMR-0.01_RPN-2_RTN-2.C2G_merge_G2C_noHeader.Sign.tsv
../table/detect_seq.StatsTest.table_CTRL-VEGFA-Vector-PD_TREAT-GBEmini-dU-RNF2-All-PD_rep1.filtered_SMN-8_SCN-10_SMR-0.01_RPN-2_RTN-2.C2G_merge_G2C_noHeader.Sign.tsv
../mpmat_merge_Sign/293T-bat_TREAT-GBEmini-AP-RNF2-All-PD_CTRL-VEGFA-Vector-PD_rep1_hg38.filtered_SMN-3_SCN-10_SMR-0.1_RPN-2_RTN-2.C2G_merge_G2C.sort.Sign_poisson.mpmat
../table/detect_seq.StatsTest.table_CTRL-VEGFA-Vector-PD_TREAT-GBEmini-AP-RNF2-All-PD_rep1.filtered_SMN-6_SCN-5_SMR-0.1_RPN-2_RTN-2.C2G_merge_G2C.tsv
../table/detect_seq.StatsTest.table_CTRL-VEGFA-Vector-PD_TREAT-GBEmini-dU-RNF2-All-PD_rep1.filtered_SMN-2_SCN-5_SMR-0.01_RPN-2_RTN-2.C2G_merge_G2C.tsv
../table/detect_seq.StatsTest.table_CTRL-VEGFA-Vector-PD_TREAT-GBEmini-dU-RNF2-All-PD_rep1.filtered_SMN-6_SCN-5_SMR-0.01_RPN-2_RTN-2.C2G_merge_G2C.tsv
../table/detect_seq.StatsTest.table_CTRL-VEGFA-Vector-PD_TREAT-GBEmini-AP-RNF2-All-PD_rep1.filtered_SMN-7_SCN-10_SMR-0.01_RPN-2_RTN-2.C2G_merge_G2C_noHeader.Sign.tsv
../mpmat_merge_Sign/293T-bat_TREAT-GBEmini-AP-RNF2-All-PD_CTRL-VEGFA-Vector-PD_rep1_hg38.filtered_SMN-4_SCN-5_SMR-0.01_RPN-2_RTN-2.C2G_merge_G2C.sort.Sign_poisson.mpmat
../mpmat_merge_Sign/293T-bat_TREAT-GBEmini-AP-RNF2-All-PD_CTRL-VEGFA-Vector-PD_rep1_hg38.filtered_SMN-7_SCN-10_SMR-0.1_RPN-2_RTN-2.C2G_merge_G2C.sort.Sign_poisson.mpmat
../mpmat_merge_Sign/293T-bat_TREAT-GBEmini-AP-RNF2-All-PD_CTRL-VEGFA-Vector-PD_rep1_hg38.filtered_SMN-8_SCN-10_SMR-0.01_RPN-2_RTN-2.C2G_merge_G2C.sort.Sign_poisson.mpmat
../table/detect_seq.StatsTest.table_CTRL-VEGFA-Vector-PD_TREAT-GBEmini-AP-RNF2-All-PD_rep1.filtered_SMN-6_SCN-10_SMR-0.01_RPN-2_RTN-2.C2G_merge_G2C.tsv
../table/detect_seq.StatsTest.table_CTRL-VEGFA-Vector-PD_TREAT-GBEmini-dU-RNF2-All-PD_rep1.filtered_SMN-2_SCN-5_SMR-0.1_RPN-2_RTN-2.C2G_merge_G2C.tsv
../table/detect_seq.StatsTest.table_CTRL-VEGFA-Vector-PD_TREAT-GBEmini-AP-RNF2-All-PD_rep1.filtered_SMN-1_SCN-5_SMR-0.1_RPN-2_RTN-2.C2G_merge_G2C_noHeader.tsv
../table/detect_seq.StatsTest.table_CTRL-VEGFA-Vector-PD_TREAT-GBEmini-AP-RNF2-All-PD_rep1.filtered_SMN-8_SCN-10_SMR-0.1_RPN-2_RTN-2.C2G_merge_G2C_noHeader.tsv
../table/detect_seq.StatsTest.table_CTRL-VEGFA-Vector-PD_TREAT-GBEmini-dU-RNF2-All-PD_rep1.filtered_SMN-6_SCN-5_SMR-0.1_RPN-2_RTN-2.C2G_merge_G2C_noHeader.tsv
../table/detect_seq.StatsTest.table_CTRL-VEGFA-Vector-PD_TREAT-GBEmini-AP-RNF2-All-PD_rep1.filtered_SMN-4_SCN-5_SMR-0.01_RPN-2_RTN-2.C2G_merge_G2C_noHeader.Sign.tsv
../table/detect_seq.StatsTest.table_CTRL-VEGFA-Vector-PD_TREAT-GBEmini-dU-RNF2-All-PD_rep1.filtered_SMN-5_SCN-5_SMR-0.1_RPN-2_RTN-2.C2G_merge_G2C_noHeader.Sign.tsv
../table/detect_seq.StatsTest.table_CTRL-VEGFA-Vector-PD_TREAT-GBEmini-dU-RNF2-All-PD_rep1.filtered_SMN-8_SCN-10_SMR-0.1_RPN-2_RTN-2.C2G_merge_G2C_noHeader.Sign.tsv
../mpmat_merge_Sign/293T-bat_TREAT-GBEmini-AP-RNF2-All-PD_CTRL-VEGFA-Vector-PD_rep1_hg38.filtered_SMN-4_SCN-5_SMR-0.1_RPN-2_RTN-2.C2G_merge_G2C.sort.Sign_poisson.mpmat
../mpmat_merge_Sign/293T-bat_TREAT-GBEmini-AP-RNF2-All-PD_CTRL-VEGFA-Vector-PD_rep1_hg38.filtered_SMN-8_SCN-5_SMR-0.01_RPN-2_RTN-2.C2G_merge_G2C.sort.Sign_poisson.mpmat
../table/detect_seq.StatsTest.table_CTRL-VEGFA-Vector-PD_TREAT-GBEmini-AP-RNF2-All-PD_rep1.filtered_SMN-6_SCN-10_SMR-0.1_RPN-2_RTN-2.C2G_merge_G2C.tsv
../table/detect_seq.StatsTest.table_CTRL-VEGFA-Vector-PD_TREAT-GBEmini-dU-RNF2-All-PD_rep1.filtered_SMN-2_SCN-10_SMR-0.01_RPN-2_RTN-2.C2G_merge_G2C.tsv
../table/detect_seq.StatsTest.table_CTRL-VEGFA-Vector-PD_TREAT-GBEmini-dU-RNF2-All-PD_rep1.filtered_SMN-6_SCN-5_SMR-0.1_RPN-2_RTN-2.C2G_merge_G2C.tsv
../table/detect_seq.StatsTest.table_CTRL-VEGFA-Vector-PD_TREAT-GBEmini-AP-RNF2-All-PD_rep1.filtered_SMN-7_SCN-10_SMR-0.1_RPN-2_RTN-2.C2G_merge_G2C_noHeader.Sign.tsv
../mpmat_merge_Sign/293T-bat_TREAT-GBEmini-AP-RNF2-All-PD_CTRL-VEGFA-Vector-PD_rep1_hg38.filtered_SMN-1_SCN-5_SMR-0.01_RPN-2_RTN-2.C2G_merge_G2C.sort.Sign_poisson.mpmat
../mpmat_merge_Sign/293T-bat_TREAT-GBEmini-AP-RNF2-All-PD_CTRL-VEGFA-Vector-PD_rep1_hg38.filtered_SMN-4_SCN-10_SMR-0.01_RPN-2_RTN-2.C2G_merge_G2C.sort.Sign_poisson.mpmat
../mpmat_merge_Sign/293T-bat_TREAT-GBEmini-AP-RNF2-All-PD_CTRL-VEGFA-Vector-PD_rep1_hg38.filtered_SMN-8_SCN-5_SMR-0.1_RPN-2_RTN-2.C2G_merge_G2C.sort.Sign_poisson.mpmat
../table/detect_seq.StatsTest.table_CTRL-VEGFA-Vector-PD_TREAT-GBEmini-AP-RNF2-All-PD_rep1.filtered_SMN-7_SCN-5_SMR-0.01_RPN-2_RTN-2.C2G_merge_G2C.tsv
../table/detect_seq.StatsTest.table_CTRL-VEGFA-Vector-PD_TREAT-GBEmini-dU-RNF2-All-PD_rep1.filtered_SMN-2_SCN-10_SMR-0.1_RPN-2_RTN-2.C2G_merge_G2C.tsv
../table/detect_seq.StatsTest.table_CTRL-VEGFA-Vector-PD_TREAT-GBEmini-dU-RNF2-All-PD_rep1.filtered_SMN-6_SCN-10_SMR-0.01_RPN-2_RTN-2.C2G_merge_G2C.tsv
../table/detect_seq.StatsTest.table_CTRL-VEGFA-Vector-PD_TREAT-GBEmini-AP-RNF2-All-PD_rep1.filtered_SMN-1_SCN-10_SMR-0.01_RPN-2_RTN-2.C2G_merge_G2C_noHeader.tsv
../table/detect_seq.StatsTest.table_CTRL-VEGFA-Vector-PD_TREAT-GBEmini-dU-RNF2-All-PD_rep1.filtered_SMN-1_SCN-5_SMR-0.01_RPN-2_RTN-2.C2G_merge_G2C_noHeader.tsv
../table/detect_seq.StatsTest.table_CTRL-VEGFA-Vector-PD_TREAT-GBEmini-dU-RNF2-All-PD_rep1.filtered_SMN-6_SCN-10_SMR-0.01_RPN-2_RTN-2.C2G_merge_G2C_noHeader.tsv
../table/detect_seq.StatsTest.table_CTRL-VEGFA-Vector-PD_TREAT-GBEmini-AP-RNF2-All-PD_rep1.filtered_SMN-4_SCN-5_SMR-0.1_RPN-2_RTN-2.C2G_merge_G2C_noHeader.Sign.tsv
../table/detect_seq.StatsTest.table_CTRL-VEGFA-Vector-PD_TREAT-GBEmini-dU-RNF2-All-PD_rep1.filtered_SMN-5_SCN-10_SMR-0.01_RPN-2_RTN-2.C2G_merge_G2C_noHeader.Sign.tsv
../mpmat_merge_Sign/293T-bat_TREAT-GBEmini-AP-RNF2-All-PD_CTRL-VEGFA-Vector-PD_rep1_hg38.filtered_SMN-1_SCN-5_SMR-0.1_RPN-2_RTN-2.C2G_merge_G2C.sort.Sign_poisson.mpmat
../mpmat_merge_Sign/293T-bat_TREAT-GBEmini-AP-RNF2-All-PD_CTRL-VEGFA-Vector-PD_rep1_hg38.filtered_SMN-4_SCN-10_SMR-0.1_RPN-2_RTN-2.C2G_merge_G2C.sort.Sign_poisson.mpmat
../table/detect_seq.StatsTest.table_CTRL-VEGFA-Vector-PD_TREAT-GBEmini-AP-RNF2-All-PD_rep1.filtered_SMN-7_SCN-5_SMR-0.1_RPN-2_RTN-2.C2G_merge_G2C.tsv
../table/detect_seq.StatsTest.table_CTRL-VEGFA-Vector-PD_TREAT-GBEmini-dU-RNF2-All-PD_rep1.filtered_SMN-3_SCN-5_SMR-0.1_RPN-2_RTN-2.C2G_merge_G2C.tsv
../table/detect_seq.StatsTest.table_CTRL-VEGFA-Vector-PD_TREAT-GBEmini-dU-RNF2-All-PD_rep1.filtered_SMN-6_SCN-10_SMR-0.1_RPN-2_RTN-2.C2G_merge_G2C.tsv
../table/detect_seq.StatsTest.table_CTRL-VEGFA-Vector-PD_TREAT-GBEmini-AP-RNF2-All-PD_rep1.filtered_SMN-8_SCN-5_SMR-0.01_RPN-2_RTN-2.C2G_merge_G2C_noHeader.Sign.tsv
../mpmat_merge_Sign/293T-bat_TREAT-GBEmini-AP-RNF2-All-PD_CTRL-VEGFA-Vector-PD_rep1_hg38.filtered_SMN-1_SCN-10_SMR-0.01_RPN-2_RTN-2.C2G_merge_G2C.sort.Sign_poisson.mpmat
../mpmat_merge_Sign/293T-bat_TREAT-GBEmini-AP-RNF2-All-PD_CTRL-VEGFA-Vector-PD_rep1_hg38.filtered_SMN-5_SCN-5_SMR-0.01_RPN-2_RTN-2.C2G_merge_G2C.sort.Sign_poisson.mpmat
../mpmat_merge_Sign/293T-bat_TREAT-GBEmini-AP-RNF2-All-PD_CTRL-VEGFA-Vector-PD_rep1_hg38.filtered_SMN-8_SCN-10_SMR-0.1_RPN-2_RTN-2.C2G_merge_G2C.sort.Sign_poisson.mpmat
../mpmat_merge_Sign/293T-bat_TREAT-GBEmini-dU-RNF2-All-PD_CTRL-VEGFA-Vector-PD_rep1_hg38.filtered_SMN-7_SCN-10_SMR-0.1_RPN-2_RTN-2.C2G_merge_G2C.sort.Sign_poisson.mpmat
../mpmat_merge_Sign/293T-bat_TREAT-GBEmini-dU-RNF2-All-PD_CTRL-VEGFA-Vector-PD_rep1_hg38.filtered_SMN-2_SCN-5_SMR-0.01_RPN-2_RTN-2.C2G_merge_G2C.sort.Sign_poisson.mpmat
../table/detect_seq.StatsTest.table_CTRL-VEGFA-Vector-PD_TREAT-GBEmini-AP-RNF2-All-PD_rep1.filtered_SMN-7_SCN-10_SMR-0.01_RPN-2_RTN-2.C2G_merge_G2C.tsv
../table/detect_seq.StatsTest.table_CTRL-VEGFA-Vector-PD_TREAT-GBEmini-dU-RNF2-All-PD_rep1.filtered_SMN-3_SCN-10_SMR-0.01_RPN-2_RTN-2.C2G_merge_G2C.tsv
../table/detect_seq.StatsTest.table_CTRL-VEGFA-Vector-PD_TREAT-GBEmini-dU-RNF2-All-PD_rep1.filtered_SMN-7_SCN-5_SMR-0.01_RPN-2_RTN-2.C2G_merge_G2C.tsv
../table/detect_seq.StatsTest.table_CTRL-VEGFA-Vector-PD_TREAT-GBEmini-AP-RNF2-All-PD_rep1.filtered_SMN-1_SCN-10_SMR-0.1_RPN-2_RTN-2.C2G_merge_G2C_noHeader.tsv
../table/detect_seq.StatsTest.table_CTRL-VEGFA-Vector-PD_TREAT-GBEmini-dU-RNF2-All-PD_rep1.filtered_SMN-1_SCN-5_SMR-0.1_RPN-2_RTN-2.C2G_merge_G2C_noHeader.tsv
../table/detect_seq.StatsTest.table_CTRL-VEGFA-Vector-PD_TREAT-GBEmini-dU-RNF2-All-PD_rep1.filtered_SMN-6_SCN-10_SMR-0.1_RPN-2_RTN-2.C2G_merge_G2C_noHeader.tsv
../table/detect_seq.StatsTest.table_CTRL-VEGFA-Vector-PD_TREAT-GBEmini-AP-RNF2-All-PD_rep1.filtered_SMN-4_SCN-10_SMR-0.01_RPN-2_RTN-2.C2G_merge_G2C_noHeader.Sign.tsv
../table/detect_seq.StatsTest.table_CTRL-VEGFA-Vector-PD_TREAT-GBEmini-dU-RNF2-All-PD_rep1.filtered_SMN-5_SCN-10_SMR-0.1_RPN-2_RTN-2.C2G_merge_G2C_noHeader.Sign.tsv
../mpmat_merge_Sign/293T-bat_TREAT-GBEmini-AP-RNF2-All-PD_CTRL-VEGFA-Vector-PD_rep1_hg38.filtered_SMN-1_SCN-10_SMR-0.1_RPN-2_RTN-2.C2G_merge_G2C.sort.Sign_poisson.mpmat
../mpmat_merge_Sign/293T-bat_TREAT-GBEmini-AP-RNF2-All-PD_CTRL-VEGFA-Vector-PD_rep1_hg38.filtered_SMN-5_SCN-5_SMR-0.1_RPN-2_RTN-2.C2G_merge_G2C.sort.Sign_poisson.mpmat
../table/detect_seq.StatsTest.table_CTRL-VEGFA-Vector-PD_TREAT-GBEmini-AP-RNF2-All-PD_rep1.filtered_SMN-7_SCN-10_SMR-0.1_RPN-2_RTN-2.C2G_merge_G2C.tsv
../table/detect_seq.StatsTest.table_CTRL-VEGFA-Vector-PD_TREAT-GBEmini-dU-RNF2-All-PD_rep1.filtered_SMN-3_SCN-10_SMR-0.1_RPN-2_RTN-2.C2G_merge_G2C.tsv
../table/detect_seq.StatsTest.table_CTRL-VEGFA-Vector-PD_TREAT-GBEmini-dU-RNF2-All-PD_rep1.filtered_SMN-7_SCN-5_SMR-0.1_RPN-2_RTN-2.C2G_merge_G2C.tsv
../table/detect_seq.StatsTest.table_CTRL-VEGFA-Vector-PD_TREAT-GBEmini-AP-RNF2-All-PD_rep1.filtered_SMN-8_SCN-5_SMR-0.1_RPN-2_RTN-2.C2G_merge_G2C_noHeader.Sign.tsv
../mpmat_merge_Sign/293T-bat_TREAT-GBEmini-AP-RNF2-All-PD_CTRL-VEGFA-Vector-PD_rep1_hg38.filtered_SMN-2_SCN-5_SMR-0.01_RPN-2_RTN-2.C2G_merge_G2C.sort.Sign_poisson.mpmat
../mpmat_merge_Sign/293T-bat_TREAT-GBEmini-AP-RNF2-All-PD_CTRL-VEGFA-Vector-PD_rep1_hg38.filtered_SMN-5_SCN-10_SMR-0.01_RPN-2_RTN-2.C2G_merge_G2C.sort.Sign_poisson.mpmat
../mpmat_merge_Sign/293T-bat_TREAT-GBEmini-dU-RNF2-All-PD_CTRL-VEGFA-Vector-PD_rep1_hg38.filtered_SMN-1_SCN-5_SMR-0.1_RPN-2_RTN-2.C2G_merge_G2C.sort.Sign_poisson.mpmat
../table/detect_seq.StatsTest.table_CTRL-VEGFA-Vector-PD_TREAT-GBEmini-AP-RNF2-All-PD_rep1.filtered_SMN-8_SCN-5_SMR-0.01_RPN-2_RTN-2.C2G_merge_G2C.tsv
../table/detect_seq.StatsTest.table_CTRL-VEGFA-Vector-PD_TREAT-GBEmini-dU-RNF2-All-PD_rep1.filtered_SMN-4_SCN-5_SMR-0.01_RPN-2_RTN-2.C2G_merge_G2C.tsv
../table/detect_seq.StatsTest.table_CTRL-VEGFA-Vector-PD_TREAT-GBEmini-dU-RNF2-All-PD_rep1.filtered_SMN-7_SCN-10_SMR-0.01_RPN-2_RTN-2.C2G_merge_G2C.tsv
../table/detect_seq.StatsTest.table_CTRL-VEGFA-Vector-PD_TREAT-GBEmini-AP-RNF2-All-PD_rep1.filtered_SMN-2_SCN-5_SMR-0.01_RPN-2_RTN-2.C2G_merge_G2C_noHeader.tsv
../table/detect_seq.StatsTest.table_CTRL-VEGFA-Vector-PD_TREAT-GBEmini-dU-RNF2-All-PD_rep1.filtered_SMN-1_SCN-10_SMR-0.01_RPN-2_RTN-2.C2G_merge_G2C_noHeader.tsv
../table/detect_seq.StatsTest.table_CTRL-VEGFA-Vector-PD_TREAT-GBEmini-dU-RNF2-All-PD_rep1.filtered_SMN-7_SCN-5_SMR-0.01_RPN-2_RTN-2.C2G_merge_G2C_noHeader.tsv
../table/detect_seq.StatsTest.table_CTRL-VEGFA-Vector-PD_TREAT-GBEmini-AP-RNF2-All-PD_rep1.filtered_SMN-4_SCN-10_SMR-0.1_RPN-2_RTN-2.C2G_merge_G2C_noHeader.Sign.tsv
../table/detect_seq.StatsTest.table_CTRL-VEGFA-Vector-PD_TREAT-GBEmini-dU-RNF2-All-PD_rep1.filtered_SMN-6_SCN-5_SMR-0.01_RPN-2_RTN-2.C2G_merge_G2C_noHeader.Sign.tsv
../mpmat_merge_Sign/293T-bat_TREAT-GBEmini-AP-RNF2-All-PD_CTRL-VEGFA-Vector-PD_rep1_hg38.filtered_SMN-2_SCN-5_SMR-0.1_RPN-2_RTN-2.C2G_merge_G2C.sort.Sign_poisson.mpmat
../mpmat_merge_Sign/293T-bat_TREAT-GBEmini-AP-RNF2-All-PD_CTRL-VEGFA-Vector-PD_rep1_hg38.filtered_SMN-5_SCN-10_SMR-0.1_RPN-2_RTN-2.C2G_merge_G2C.sort.Sign_poisson.mpmat
../table/detect_seq.StatsTest.table_CTRL-VEGFA-Vector-PD_TREAT-GBEmini-AP-RNF2-All-PD_rep1.filtered_SMN-8_SCN-5_SMR-0.1_RPN-2_RTN-2.C2G_merge_G2C.tsv
../table/detect_seq.StatsTest.table_CTRL-VEGFA-Vector-PD_TREAT-GBEmini-dU-RNF2-All-PD_rep1.filtered_SMN-4_SCN-5_SMR-0.1_RPN-2_RTN-2.C2G_merge_G2C.tsv
../table/detect_seq.StatsTest.table_CTRL-VEGFA-Vector-PD_TREAT-GBEmini-dU-RNF2-All-PD_rep1.filtered_SMN-7_SCN-10_SMR-0.1_RPN-2_RTN-2.C2G_merge_G2C.tsv
../table/detect_seq.StatsTest.table_CTRL-VEGFA-Vector-PD_TREAT-GBEmini-AP-RNF2-All-PD_rep1.filtered_SMN-8_SCN-10_SMR-0.01_RPN-2_RTN-2.C2G_merge_G2C_noHeader.Sign.tsv
../mpmat_merge_Sign/293T-bat_TREAT-GBEmini-AP-RNF2-All-PD_CTRL-VEGFA-Vector-PD_rep1_hg38.filtered_SMN-2_SCN-10_SMR-0.01_RPN-2_RTN-2.C2G_merge_G2C.sort.Sign_poisson.mpmat
../mpmat_merge_Sign/293T-bat_TREAT-GBEmini-AP-RNF2-All-PD_CTRL-VEGFA-Vector-PD_rep1_hg38.filtered_SMN-6_SCN-5_SMR-0.01_RPN-2_RTN-2.C2G_merge_G2C.sort.Sign_poisson.mpmat
../mpmat_merge_Sign/293T-bat_TREAT-GBEmini-dU-RNF2-All-PD_CTRL-VEGFA-Vector-PD_rep1_hg38.filtered_SMN-1_SCN-10_SMR-0.1_RPN-2_RTN-2.C2G_merge_G2C.sort.Sign_poisson.mpmat
../table/detect_seq.StatsTest.table_CTRL-VEGFA-Vector-PD_TREAT-GBEmini-AP-RNF2-All-PD_rep1.filtered_SMN-8_SCN-10_SMR-0.01_RPN-2_RTN-2.C2G_merge_G2C.tsv
../table/detect_seq.StatsTest.table_CTRL-VEGFA-Vector-PD_TREAT-GBEmini-dU-RNF2-All-PD_rep1.filtered_SMN-4_SCN-10_SMR-0.01_RPN-2_RTN-2.C2G_merge_G2C.tsv
../table/detect_seq.StatsTest.table_CTRL-VEGFA-Vector-PD_TREAT-GBEmini-dU-RNF2-All-PD_rep1.filtered_SMN-8_SCN-5_SMR-0.01_RPN-2_RTN-2.C2G_merge_G2C.tsv
../table/detect_seq.StatsTest.table_CTRL-VEGFA-Vector-PD_TREAT-GBEmini-AP-RNF2-All-PD_rep1.filtered_SMN-2_SCN-5_SMR-0.1_RPN-2_RTN-2.C2G_merge_G2C_noHeader.tsv
../table/detect_seq.StatsTest.table_CTRL-VEGFA-Vector-PD_TREAT-GBEmini-dU-RNF2-All-PD_rep1.filtered_SMN-1_SCN-10_SMR-0.1_RPN-2_RTN-2.C2G_merge_G2C_noHeader.tsv
../table/detect_seq.StatsTest.table_CTRL-VEGFA-Vector-PD_TREAT-GBEmini-dU-RNF2-All-PD_rep1.filtered_SMN-7_SCN-5_SMR-0.1_RPN-2_RTN-2.C2G_merge_G2C_noHeader.tsv
../table/detect_seq.StatsTest.table_CTRL-VEGFA-Vector-PD_TREAT-GBEmini-AP-RNF2-All-PD_rep1.filtered_SMN-5_SCN-5_SMR-0.01_RPN-2_RTN-2.C2G_merge_G2C_noHeader.Sign.tsv
../table/detect_seq.StatsTest.table_CTRL-VEGFA-Vector-PD_TREAT-GBEmini-dU-RNF2-All-PD_rep1.filtered_SMN-6_SCN-5_SMR-0.1_RPN-2_RTN-2.C2G_merge_G2C_noHeader.Sign.tsv
../mpmat_merge_Sign/293T-bat_TREAT-GBEmini-AP-RNF2-All-PD_CTRL-VEGFA-Vector-PD_rep1_hg38.filtered_SMN-2_SCN-10_SMR-0.1_RPN-2_RTN-2.C2G_merge_G2C.sort.Sign_poisson.mpmat
../mpmat_merge_Sign/293T-bat_TREAT-GBEmini-AP-RNF2-All-PD_CTRL-VEGFA-Vector-PD_rep1_hg38.filtered_SMN-6_SCN-5_SMR-0.1_RPN-2_RTN-2.C2G_merge_G2C.sort.Sign_poisson.mpmat
