../mpileup_pmat_bmat/293T-bat_VEGFA-All-PD_rep1_hg38.MAPQ20.mpileup
../mpileup_pmat_bmat/293T-bat_VEGFA-All-PD_rep2_hg38.MAPQ20.mpileup
../mpileup_pmat_bmat/293T-bat_VEGFA-Vector-PD_rep1_hg38.MAPQ20.mpileup
../mpileup_pmat_bmat/293T-bat_VEGFA-Vector-PD_rep2_hg38.MAPQ20.mpileup
../mpileup_pmat_bmat/293T-bat_VEGFA-sgRNADel-PD_rep1_hg38.MAPQ20.mpileup
../mpileup_pmat_bmat/293T-bat_VEGFA-sgRNADel-PD_rep2_hg38.MAPQ20.mpileup
../mpileup_pmat_bmat/293T-bat_VEGFA-All-PD_rep1_hg38.MAPQ20.bmat
../mpileup_pmat_bmat/293T-bat_VEGFA-All-PD_rep2_hg38.MAPQ20.bmat
../mpileup_pmat_bmat/293T-bat_VEGFA-Vector-PD_rep1_hg38.MAPQ20.bmat
../mpileup_pmat_bmat/293T-bat_VEGFA-Vector-PD_rep2_hg38.MAPQ20.bmat
../mpileup_pmat_bmat/293T-bat_VEGFA-sgRNADel-PD_rep1_hg38.MAPQ20.bmat
../mpileup_pmat_bmat/293T-bat_VEGFA-sgRNADel-PD_rep2_hg38.MAPQ20.bmat
../mpileup_pmat_bmat/293T-bat_VEGFA-All-PD_rep1_hg38.select.A.bmat
../mpileup_pmat_bmat/293T-bat_VEGFA-All-PD_rep1_hg38.select.T.bmat
../mpileup_pmat_bmat/293T-bat_VEGFA-All-PD_rep1_hg38.select.C.bmat
../mpileup_pmat_bmat/293T-bat_VEGFA-All-PD_rep1_hg38.select.G.bmat
../mpileup_pmat_bmat/293T-bat_VEGFA-All-PD_rep2_hg38.select.A.bmat
../mpileup_pmat_bmat/293T-bat_VEGFA-All-PD_rep2_hg38.select.T.bmat
../mpileup_pmat_bmat/293T-bat_VEGFA-All-PD_rep2_hg38.select.C.bmat
../mpileup_pmat_bmat/293T-bat_VEGFA-All-PD_rep2_hg38.select.G.bmat
../mpileup_pmat_bmat/293T-bat_VEGFA-Vector-PD_rep1_hg38.select.A.bmat
../mpileup_pmat_bmat/293T-bat_VEGFA-Vector-PD_rep1_hg38.select.T.bmat
../mpileup_pmat_bmat/293T-bat_VEGFA-Vector-PD_rep1_hg38.select.C.bmat
../mpileup_pmat_bmat/293T-bat_VEGFA-Vector-PD_rep1_hg38.select.G.bmat
../mpileup_pmat_bmat/293T-bat_VEGFA-Vector-PD_rep2_hg38.select.A.bmat
../mpileup_pmat_bmat/293T-bat_VEGFA-Vector-PD_rep2_hg38.select.T.bmat
../mpileup_pmat_bmat/293T-bat_VEGFA-Vector-PD_rep2_hg38.select.C.bmat
../mpileup_pmat_bmat/293T-bat_VEGFA-Vector-PD_rep2_hg38.select.G.bmat
../mpileup_pmat_bmat/293T-bat_VEGFA-sgRNADel-PD_rep1_hg38.select.A.bmat
../mpileup_pmat_bmat/293T-bat_VEGFA-sgRNADel-PD_rep1_hg38.select.T.bmat
../mpileup_pmat_bmat/293T-bat_VEGFA-sgRNADel-PD_rep1_hg38.select.C.bmat
../mpileup_pmat_bmat/293T-bat_VEGFA-sgRNADel-PD_rep1_hg38.select.G.bmat
../mpileup_pmat_bmat/293T-bat_VEGFA-sgRNADel-PD_rep2_hg38.select.A.bmat
../mpileup_pmat_bmat/293T-bat_VEGFA-sgRNADel-PD_rep2_hg38.select.T.bmat
../mpileup_pmat_bmat/293T-bat_VEGFA-sgRNADel-PD_rep2_hg38.select.C.bmat
../mpileup_pmat_bmat/293T-bat_VEGFA-sgRNADel-PD_rep2_hg38.select.G.bmat
../mpileup_pmat_bmat/293T-bat_VEGFA-All-PD_rep1_hg38.select.A.pmat
../mpileup_pmat_bmat/293T-bat_VEGFA-All-PD_rep1_hg38.select.T.pmat
../mpileup_pmat_bmat/293T-bat_VEGFA-All-PD_rep1_hg38.select.C.pmat
../mpileup_pmat_bmat/293T-bat_VEGFA-All-PD_rep1_hg38.select.G.pmat
../mpileup_pmat_bmat/293T-bat_VEGFA-All-PD_rep2_hg38.select.A.pmat
../mpileup_pmat_bmat/293T-bat_VEGFA-All-PD_rep2_hg38.select.T.pmat
../mpileup_pmat_bmat/293T-bat_VEGFA-All-PD_rep2_hg38.select.C.pmat
../mpileup_pmat_bmat/293T-bat_VEGFA-All-PD_rep2_hg38.select.G.pmat
../mpileup_pmat_bmat/293T-bat_VEGFA-Vector-PD_rep1_hg38.select.A.pmat
../mpileup_pmat_bmat/293T-bat_VEGFA-Vector-PD_rep1_hg38.select.T.pmat
../mpileup_pmat_bmat/293T-bat_VEGFA-Vector-PD_rep1_hg38.select.C.pmat
../mpileup_pmat_bmat/293T-bat_VEGFA-Vector-PD_rep1_hg38.select.G.pmat
../mpileup_pmat_bmat/293T-bat_VEGFA-Vector-PD_rep2_hg38.select.A.pmat
../mpileup_pmat_bmat/293T-bat_VEGFA-Vector-PD_rep2_hg38.select.T.pmat
../mpileup_pmat_bmat/293T-bat_VEGFA-Vector-PD_rep2_hg38.select.C.pmat
../mpileup_pmat_bmat/293T-bat_VEGFA-Vector-PD_rep2_hg38.select.G.pmat
../mpileup_pmat_bmat/293T-bat_VEGFA-sgRNADel-PD_rep1_hg38.select.A.pmat
../mpileup_pmat_bmat/293T-bat_VEGFA-sgRNADel-PD_rep1_hg38.select.T.pmat
../mpileup_pmat_bmat/293T-bat_VEGFA-sgRNADel-PD_rep1_hg38.select.C.pmat
../mpileup_pmat_bmat/293T-bat_VEGFA-sgRNADel-PD_rep1_hg38.select.G.pmat
../mpileup_pmat_bmat/293T-bat_VEGFA-sgRNADel-PD_rep2_hg38.select.A.pmat
../mpileup_pmat_bmat/293T-bat_VEGFA-sgRNADel-PD_rep2_hg38.select.T.pmat
../mpileup_pmat_bmat/293T-bat_VEGFA-sgRNADel-PD_rep2_hg38.select.C.pmat
../mpileup_pmat_bmat/293T-bat_VEGFA-sgRNADel-PD_rep2_hg38.select.G.pmat
../mpmat/293T-bat_VEGFA-All-PD_rep1_hg38.select.A2A.pmat
../mpmat/293T-bat_VEGFA-All-PD_rep1_hg38.select.A2T.pmat
../mpmat/293T-bat_VEGFA-All-PD_rep1_hg38.select.A2C.pmat
../mpmat/293T-bat_VEGFA-All-PD_rep1_hg38.select.A2G.pmat
../mpmat/293T-bat_VEGFA-All-PD_rep1_hg38.select.T2A.pmat
../mpmat/293T-bat_VEGFA-All-PD_rep1_hg38.select.T2T.pmat
../mpmat/293T-bat_VEGFA-All-PD_rep1_hg38.select.T2C.pmat
../mpmat/293T-bat_VEGFA-All-PD_rep1_hg38.select.T2G.pmat
../mpmat/293T-bat_VEGFA-All-PD_rep1_hg38.select.C2A.pmat
../mpmat/293T-bat_VEGFA-All-PD_rep1_hg38.select.C2T.pmat
../mpmat/293T-bat_VEGFA-All-PD_rep1_hg38.select.C2C.pmat
../mpmat/293T-bat_VEGFA-All-PD_rep1_hg38.select.C2G.pmat
../mpmat/293T-bat_VEGFA-All-PD_rep1_hg38.select.G2A.pmat
../mpmat/293T-bat_VEGFA-All-PD_rep1_hg38.select.G2T.pmat
../mpmat/293T-bat_VEGFA-All-PD_rep1_hg38.select.G2C.pmat
../mpmat/293T-bat_VEGFA-All-PD_rep1_hg38.select.G2G.pmat
../mpmat/293T-bat_VEGFA-All-PD_rep2_hg38.select.A2A.pmat
../mpmat/293T-bat_VEGFA-All-PD_rep2_hg38.select.A2T.pmat
../mpmat/293T-bat_VEGFA-All-PD_rep2_hg38.select.A2C.pmat
../mpmat/293T-bat_VEGFA-All-PD_rep2_hg38.select.A2G.pmat
../mpmat/293T-bat_VEGFA-All-PD_rep2_hg38.select.T2A.pmat
../mpmat/293T-bat_VEGFA-All-PD_rep2_hg38.select.T2T.pmat
../mpmat/293T-bat_VEGFA-All-PD_rep2_hg38.select.T2C.pmat
../mpmat/293T-bat_VEGFA-All-PD_rep2_hg38.select.T2G.pmat
../mpmat/293T-bat_VEGFA-All-PD_rep2_hg38.select.C2A.pmat
../mpmat/293T-bat_VEGFA-All-PD_rep2_hg38.select.C2T.pmat
../mpmat/293T-bat_VEGFA-All-PD_rep2_hg38.select.C2C.pmat
../mpmat/293T-bat_VEGFA-All-PD_rep2_hg38.select.C2G.pmat
../mpmat/293T-bat_VEGFA-All-PD_rep2_hg38.select.G2A.pmat
../mpmat/293T-bat_VEGFA-All-PD_rep2_hg38.select.G2T.pmat
../mpmat/293T-bat_VEGFA-All-PD_rep2_hg38.select.G2C.pmat
../mpmat/293T-bat_VEGFA-All-PD_rep2_hg38.select.G2G.pmat
../mpmat/293T-bat_VEGFA-Vector-PD_rep1_hg38.select.A2A.pmat
../mpmat/293T-bat_VEGFA-Vector-PD_rep1_hg38.select.A2T.pmat
../mpmat/293T-bat_VEGFA-Vector-PD_rep1_hg38.select.A2C.pmat
../mpmat/293T-bat_VEGFA-Vector-PD_rep1_hg38.select.A2G.pmat
../mpmat/293T-bat_VEGFA-Vector-PD_rep1_hg38.select.T2A.pmat
../mpmat/293T-bat_VEGFA-Vector-PD_rep1_hg38.select.T2T.pmat
../mpmat/293T-bat_VEGFA-Vector-PD_rep1_hg38.select.T2C.pmat
../mpmat/293T-bat_VEGFA-Vector-PD_rep1_hg38.select.T2G.pmat
../mpmat/293T-bat_VEGFA-Vector-PD_rep1_hg38.select.C2A.pmat
../mpmat/293T-bat_VEGFA-Vector-PD_rep1_hg38.select.C2T.pmat
../mpmat/293T-bat_VEGFA-Vector-PD_rep1_hg38.select.C2C.pmat
../mpmat/293T-bat_VEGFA-Vector-PD_rep1_hg38.select.C2G.pmat
../mpmat/293T-bat_VEGFA-Vector-PD_rep1_hg38.select.G2A.pmat
../mpmat/293T-bat_VEGFA-Vector-PD_rep1_hg38.select.G2T.pmat
../mpmat/293T-bat_VEGFA-Vector-PD_rep1_hg38.select.G2C.pmat
../mpmat/293T-bat_VEGFA-Vector-PD_rep1_hg38.select.G2G.pmat
../mpmat/293T-bat_VEGFA-Vector-PD_rep2_hg38.select.A2A.pmat
../mpmat/293T-bat_VEGFA-Vector-PD_rep2_hg38.select.A2T.pmat
../mpmat/293T-bat_VEGFA-Vector-PD_rep2_hg38.select.A2C.pmat
../mpmat/293T-bat_VEGFA-Vector-PD_rep2_hg38.select.A2G.pmat
../mpmat/293T-bat_VEGFA-Vector-PD_rep2_hg38.select.T2A.pmat
../mpmat/293T-bat_VEGFA-Vector-PD_rep2_hg38.select.T2T.pmat
../mpmat/293T-bat_VEGFA-Vector-PD_rep2_hg38.select.T2C.pmat
../mpmat/293T-bat_VEGFA-Vector-PD_rep2_hg38.select.T2G.pmat
../mpmat/293T-bat_VEGFA-Vector-PD_rep2_hg38.select.C2A.pmat
../mpmat/293T-bat_VEGFA-Vector-PD_rep2_hg38.select.C2T.pmat
../mpmat/293T-bat_VEGFA-Vector-PD_rep2_hg38.select.C2C.pmat
../mpmat/293T-bat_VEGFA-Vector-PD_rep2_hg38.select.C2G.pmat
../mpmat/293T-bat_VEGFA-Vector-PD_rep2_hg38.select.G2A.pmat
../mpmat/293T-bat_VEGFA-Vector-PD_rep2_hg38.select.G2T.pmat
../mpmat/293T-bat_VEGFA-Vector-PD_rep2_hg38.select.G2C.pmat
../mpmat/293T-bat_VEGFA-Vector-PD_rep2_hg38.select.G2G.pmat
../mpmat/293T-bat_VEGFA-sgRNADel-PD_rep1_hg38.select.A2A.pmat
../mpmat/293T-bat_VEGFA-sgRNADel-PD_rep1_hg38.select.A2T.pmat
../mpmat/293T-bat_VEGFA-sgRNADel-PD_rep1_hg38.select.A2C.pmat
../mpmat/293T-bat_VEGFA-sgRNADel-PD_rep1_hg38.select.A2G.pmat
../mpmat/293T-bat_VEGFA-sgRNADel-PD_rep1_hg38.select.T2A.pmat
../mpmat/293T-bat_VEGFA-sgRNADel-PD_rep1_hg38.select.T2T.pmat
../mpmat/293T-bat_VEGFA-sgRNADel-PD_rep1_hg38.select.T2C.pmat
../mpmat/293T-bat_VEGFA-sgRNADel-PD_rep1_hg38.select.T2G.pmat
../mpmat/293T-bat_VEGFA-sgRNADel-PD_rep1_hg38.select.C2A.pmat
../mpmat/293T-bat_VEGFA-sgRNADel-PD_rep1_hg38.select.C2T.pmat
../mpmat/293T-bat_VEGFA-sgRNADel-PD_rep1_hg38.select.C2C.pmat
../mpmat/293T-bat_VEGFA-sgRNADel-PD_rep1_hg38.select.C2G.pmat
../mpmat/293T-bat_VEGFA-sgRNADel-PD_rep1_hg38.select.G2A.pmat
../mpmat/293T-bat_VEGFA-sgRNADel-PD_rep1_hg38.select.G2T.pmat
../mpmat/293T-bat_VEGFA-sgRNADel-PD_rep1_hg38.select.G2C.pmat
../mpmat/293T-bat_VEGFA-sgRNADel-PD_rep1_hg38.select.G2G.pmat
../mpmat/293T-bat_VEGFA-sgRNADel-PD_rep2_hg38.select.A2A.pmat
../mpmat/293T-bat_VEGFA-sgRNADel-PD_rep2_hg38.select.A2T.pmat
../mpmat/293T-bat_VEGFA-sgRNADel-PD_rep2_hg38.select.A2C.pmat
../mpmat/293T-bat_VEGFA-sgRNADel-PD_rep2_hg38.select.A2G.pmat
../mpmat/293T-bat_VEGFA-sgRNADel-PD_rep2_hg38.select.T2A.pmat
../mpmat/293T-bat_VEGFA-sgRNADel-PD_rep2_hg38.select.T2T.pmat
../mpmat/293T-bat_VEGFA-sgRNADel-PD_rep2_hg38.select.T2C.pmat
../mpmat/293T-bat_VEGFA-sgRNADel-PD_rep2_hg38.select.T2G.pmat
../mpmat/293T-bat_VEGFA-sgRNADel-PD_rep2_hg38.select.C2A.pmat
../mpmat/293T-bat_VEGFA-sgRNADel-PD_rep2_hg38.select.C2T.pmat
../mpmat/293T-bat_VEGFA-sgRNADel-PD_rep2_hg38.select.C2C.pmat
../mpmat/293T-bat_VEGFA-sgRNADel-PD_rep2_hg38.select.C2G.pmat
../mpmat/293T-bat_VEGFA-sgRNADel-PD_rep2_hg38.select.G2A.pmat
../mpmat/293T-bat_VEGFA-sgRNADel-PD_rep2_hg38.select.G2T.pmat
../mpmat/293T-bat_VEGFA-sgRNADel-PD_rep2_hg38.select.G2C.pmat
../mpmat/293T-bat_VEGFA-sgRNADel-PD_rep2_hg38.select.G2G.pmat
